// !$*UTF8*$!
{
	archiveVersion = 1;
	classes = {
	};
	objectVersion = 46;
	objects = {

/* Begin PBXBuildFile section */
		7AE17F411C9C64ED0018F260 /* AppDelegate.swift in Sources */ = {isa = PBXBuildFile; fileRef = 7AE17F401C9C64ED0018F260 /* AppDelegate.swift */; };
		7AE17F461C9C64ED0018F260 /* Main.storyboard in Resources */ = {isa = PBXBuildFile; fileRef = 7AE17F441C9C64ED0018F260 /* Main.storyboard */; };
		7AE17F491C9C64ED0018F260 /* DoorConcept.xcdatamodeld in Sources */ = {isa = PBXBuildFile; fileRef = 7AE17F471C9C64ED0018F260 /* DoorConcept.xcdatamodeld */; };
		7AE17F4B1C9C64ED0018F260 /* Assets.xcassets in Resources */ = {isa = PBXBuildFile; fileRef = 7AE17F4A1C9C64ED0018F260 /* Assets.xcassets */; };
		7AE17F4E1C9C64ED0018F260 /* LaunchScreen.storyboard in Resources */ = {isa = PBXBuildFile; fileRef = 7AE17F4C1C9C64ED0018F260 /* LaunchScreen.storyboard */; };
		7AE17F591C9C64ED0018F260 /* DoorConceptTests.swift in Sources */ = {isa = PBXBuildFile; fileRef = 7AE17F581C9C64ED0018F260 /* DoorConceptTests.swift */; };
		7AE17F711C9C916F0018F260 /* building_icon.png in Resources */ = {isa = PBXBuildFile; fileRef = 7AE17F651C9C916F0018F260 /* building_icon.png */; };
		7AE17F721C9C916F0018F260 /* building_icon@2x.png in Resources */ = {isa = PBXBuildFile; fileRef = 7AE17F661C9C916F0018F260 /* building_icon@2x.png */; };
		7AE17F731C9C916F0018F260 /* building_icon@3x.png in Resources */ = {isa = PBXBuildFile; fileRef = 7AE17F671C9C916F0018F260 /* building_icon@3x.png */; };
		7AE17F741C9C916F0018F260 /* door_icon.png in Resources */ = {isa = PBXBuildFile; fileRef = 7AE17F681C9C916F0018F260 /* door_icon.png */; };
		7AE17F751C9C916F0018F260 /* door_icon@2x.png in Resources */ = {isa = PBXBuildFile; fileRef = 7AE17F691C9C916F0018F260 /* door_icon@2x.png */; };
		7AE17F761C9C916F0018F260 /* door_icon@3x.png in Resources */ = {isa = PBXBuildFile; fileRef = 7AE17F6A1C9C916F0018F260 /* door_icon@3x.png */; };
		7AE17F771C9C916F0018F260 /* history_icon.png in Resources */ = {isa = PBXBuildFile; fileRef = 7AE17F6B1C9C916F0018F260 /* history_icon.png */; };
		7AE17F781C9C916F0018F260 /* history_icon@2x.png in Resources */ = {isa = PBXBuildFile; fileRef = 7AE17F6C1C9C916F0018F260 /* history_icon@2x.png */; };
		7AE17F791C9C916F0018F260 /* history_icon@3x.png in Resources */ = {isa = PBXBuildFile; fileRef = 7AE17F6D1C9C916F0018F260 /* history_icon@3x.png */; };
		7AE17F7A1C9C916F0018F260 /* user_icon.png in Resources */ = {isa = PBXBuildFile; fileRef = 7AE17F6E1C9C916F0018F260 /* user_icon.png */; };
		7AE17F7B1C9C916F0018F260 /* user_icon@2x.png in Resources */ = {isa = PBXBuildFile; fileRef = 7AE17F6F1C9C916F0018F260 /* user_icon@2x.png */; };
		7AE17F7C1C9C916F0018F260 /* user_icon@3x.png in Resources */ = {isa = PBXBuildFile; fileRef = 7AE17F701C9C916F0018F260 /* user_icon@3x.png */; };
		7AE17F821C9C945D0018F260 /* ViewController.swift in Sources */ = {isa = PBXBuildFile; fileRef = 7AE17F811C9C945D0018F260 /* ViewController.swift */; };
		7AE17F8A1C9C94D70018F260 /* GenericTabBarViewController.swift in Sources */ = {isa = PBXBuildFile; fileRef = 7AE17F891C9C94D70018F260 /* GenericTabBarViewController.swift */; };
		EADC6C47E7B6CB0E22A01F21 /* libPods-DoorConcept.a in Frameworks */ = {isa = PBXBuildFile; fileRef = ED2A9594E5F6E26B40FA2C47 /* libPods-DoorConcept.a */; };
/* End PBXBuildFile section */

/* Begin PBXContainerItemProxy section */
		7AE17F551C9C64ED0018F260 /* PBXContainerItemProxy */ = {
			isa = PBXContainerItemProxy;
			containerPortal = 7AE17F351C9C64ED0018F260 /* Project object */;
			proxyType = 1;
			remoteGlobalIDString = 7AE17F3C1C9C64ED0018F260;
			remoteInfo = DoorConcept;
		};
/* End PBXContainerItemProxy section */

/* Begin PBXFileReference section */
		7AE17F3D1C9C64ED0018F260 /* DoorConcept.app */ = {isa = PBXFileReference; explicitFileType = wrapper.application; includeInIndex = 0; path = DoorConcept.app; sourceTree = BUILT_PRODUCTS_DIR; };
		7AE17F401C9C64ED0018F260 /* AppDelegate.swift */ = {isa = PBXFileReference; lastKnownFileType = sourcecode.swift; path = AppDelegate.swift; sourceTree = "<group>"; };
		7AE17F451C9C64ED0018F260 /* Base */ = {isa = PBXFileReference; lastKnownFileType = file.storyboard; name = Base; path = Base.lproj/Main.storyboard; sourceTree = "<group>"; };
		7AE17F481C9C64ED0018F260 /* DoorConcept.xcdatamodel */ = {isa = PBXFileReference; lastKnownFileType = wrapper.xcdatamodel; path = DoorConcept.xcdatamodel; sourceTree = "<group>"; };
		7AE17F4A1C9C64ED0018F260 /* Assets.xcassets */ = {isa = PBXFileReference; lastKnownFileType = folder.assetcatalog; path = Assets.xcassets; sourceTree = "<group>"; };
		7AE17F4D1C9C64ED0018F260 /* Base */ = {isa = PBXFileReference; lastKnownFileType = file.storyboard; name = Base; path = Base.lproj/LaunchScreen.storyboard; sourceTree = "<group>"; };
		7AE17F4F1C9C64ED0018F260 /* Info.plist */ = {isa = PBXFileReference; lastKnownFileType = text.plist.xml; path = Info.plist; sourceTree = "<group>"; };
		7AE17F541C9C64ED0018F260 /* DoorConceptTests.xctest */ = {isa = PBXFileReference; explicitFileType = wrapper.cfbundle; includeInIndex = 0; path = DoorConceptTests.xctest; sourceTree = BUILT_PRODUCTS_DIR; };
		7AE17F581C9C64ED0018F260 /* DoorConceptTests.swift */ = {isa = PBXFileReference; lastKnownFileType = sourcecode.swift; path = DoorConceptTests.swift; sourceTree = "<group>"; };
		7AE17F5A1C9C64ED0018F260 /* Info.plist */ = {isa = PBXFileReference; lastKnownFileType = text.plist.xml; path = Info.plist; sourceTree = "<group>"; };
		7AE17F651C9C916F0018F260 /* building_icon.png */ = {isa = PBXFileReference; lastKnownFileType = image.png; path = building_icon.png; sourceTree = "<group>"; };
		7AE17F661C9C916F0018F260 /* building_icon@2x.png */ = {isa = PBXFileReference; lastKnownFileType = image.png; path = "building_icon@2x.png"; sourceTree = "<group>"; };
		7AE17F671C9C916F0018F260 /* building_icon@3x.png */ = {isa = PBXFileReference; lastKnownFileType = image.png; path = "building_icon@3x.png"; sourceTree = "<group>"; };
		7AE17F681C9C916F0018F260 /* door_icon.png */ = {isa = PBXFileReference; lastKnownFileType = image.png; path = door_icon.png; sourceTree = "<group>"; };
		7AE17F691C9C916F0018F260 /* door_icon@2x.png */ = {isa = PBXFileReference; lastKnownFileType = image.png; path = "door_icon@2x.png"; sourceTree = "<group>"; };
		7AE17F6A1C9C916F0018F260 /* door_icon@3x.png */ = {isa = PBXFileReference; lastKnownFileType = image.png; path = "door_icon@3x.png"; sourceTree = "<group>"; };
		7AE17F6B1C9C916F0018F260 /* history_icon.png */ = {isa = PBXFileReference; lastKnownFileType = image.png; path = history_icon.png; sourceTree = "<group>"; };
		7AE17F6C1C9C916F0018F260 /* history_icon@2x.png */ = {isa = PBXFileReference; lastKnownFileType = image.png; path = "history_icon@2x.png"; sourceTree = "<group>"; };
		7AE17F6D1C9C916F0018F260 /* history_icon@3x.png */ = {isa = PBXFileReference; lastKnownFileType = image.png; path = "history_icon@3x.png"; sourceTree = "<group>"; };
		7AE17F6E1C9C916F0018F260 /* user_icon.png */ = {isa = PBXFileReference; lastKnownFileType = image.png; path = user_icon.png; sourceTree = "<group>"; };
		7AE17F6F1C9C916F0018F260 /* user_icon@2x.png */ = {isa = PBXFileReference; lastKnownFileType = image.png; path = "user_icon@2x.png"; sourceTree = "<group>"; };
		7AE17F701C9C916F0018F260 /* user_icon@3x.png */ = {isa = PBXFileReference; lastKnownFileType = image.png; path = "user_icon@3x.png"; sourceTree = "<group>"; };
		7AE17F811C9C945D0018F260 /* ViewController.swift */ = {isa = PBXFileReference; fileEncoding = 4; lastKnownFileType = sourcecode.swift; path = ViewController.swift; sourceTree = "<group>"; };
		7AE17F891C9C94D70018F260 /* GenericTabBarViewController.swift */ = {isa = PBXFileReference; fileEncoding = 4; lastKnownFileType = sourcecode.swift; path = GenericTabBarViewController.swift; sourceTree = "<group>"; };
		C941FFC8B231DA9C350FF1CE /* Pods-DoorConcept.debug.xcconfig */ = {isa = PBXFileReference; includeInIndex = 1; lastKnownFileType = text.xcconfig; name = "Pods-DoorConcept.debug.xcconfig"; path = "Pods/Target Support Files/Pods-DoorConcept/Pods-DoorConcept.debug.xcconfig"; sourceTree = "<group>"; };
		E843F270DC01459121EE3F36 /* Pods-DoorConcept.release.xcconfig */ = {isa = PBXFileReference; includeInIndex = 1; lastKnownFileType = text.xcconfig; name = "Pods-DoorConcept.release.xcconfig"; path = "Pods/Target Support Files/Pods-DoorConcept/Pods-DoorConcept.release.xcconfig"; sourceTree = "<group>"; };
		ED2A9594E5F6E26B40FA2C47 /* libPods-DoorConcept.a */ = {isa = PBXFileReference; explicitFileType = archive.ar; includeInIndex = 0; path = "libPods-DoorConcept.a"; sourceTree = BUILT_PRODUCTS_DIR; };
/* End PBXFileReference section */

/* Begin PBXFrameworksBuildPhase section */
		7AE17F3A1C9C64ED0018F260 /* Frameworks */ = {
			isa = PBXFrameworksBuildPhase;
			buildActionMask = 2147483647;
			files = (
				EADC6C47E7B6CB0E22A01F21 /* libPods-DoorConcept.a in Frameworks */,
			);
			runOnlyForDeploymentPostprocessing = 0;
		};
		7AE17F511C9C64ED0018F260 /* Frameworks */ = {
			isa = PBXFrameworksBuildPhase;
			buildActionMask = 2147483647;
			files = (
			);
			runOnlyForDeploymentPostprocessing = 0;
		};
/* End PBXFrameworksBuildPhase section */

/* Begin PBXGroup section */
		7AE17F341C9C64ED0018F260 = {
			isa = PBXGroup;
			children = (
				7AE17F3F1C9C64ED0018F260 /* DoorConcept */,
				7AE17F571C9C64ED0018F260 /* DoorConceptTests */,
				7AE17F3E1C9C64ED0018F260 /* Products */,
				8DAEA6D32ED1A6EC8847CCC8 /* Pods */,
				C73C6800AEABE840C34C3971 /* Frameworks */,
			);
			sourceTree = "<group>";
		};
		7AE17F3E1C9C64ED0018F260 /* Products */ = {
			isa = PBXGroup;
			children = (
				7AE17F3D1C9C64ED0018F260 /* DoorConcept.app */,
				7AE17F541C9C64ED0018F260 /* DoorConceptTests.xctest */,
			);
			name = Products;
			sourceTree = "<group>";
		};
		7AE17F3F1C9C64ED0018F260 /* DoorConcept */ = {
			isa = PBXGroup;
			children = (
				7AE17F631C9C916F0018F260 /* Assets */,
				7AE17F801C9C945D0018F260 /* Controllers */,
				7AE17F401C9C64ED0018F260 /* AppDelegate.swift */,
				7AE17F441C9C64ED0018F260 /* Main.storyboard */,
				7AE17F4A1C9C64ED0018F260 /* Assets.xcassets */,
				7AE17F4C1C9C64ED0018F260 /* LaunchScreen.storyboard */,
				7AE17F4F1C9C64ED0018F260 /* Info.plist */,
				7AE17F471C9C64ED0018F260 /* DoorConcept.xcdatamodeld */,
			);
			path = DoorConcept;
			sourceTree = "<group>";
		};
		7AE17F571C9C64ED0018F260 /* DoorConceptTests */ = {
			isa = PBXGroup;
			children = (
				7AE17F581C9C64ED0018F260 /* DoorConceptTests.swift */,
				7AE17F5A1C9C64ED0018F260 /* Info.plist */,
			);
			path = DoorConceptTests;
			sourceTree = "<group>";
		};
		7AE17F631C9C916F0018F260 /* Assets */ = {
			isa = PBXGroup;
			children = (
				7AE17F641C9C916F0018F260 /* TabBarIcons */,
			);
			path = Assets;
			sourceTree = "<group>";
		};
		7AE17F641C9C916F0018F260 /* TabBarIcons */ = {
			isa = PBXGroup;
			children = (
				7AE17F651C9C916F0018F260 /* building_icon.png */,
				7AE17F661C9C916F0018F260 /* building_icon@2x.png */,
				7AE17F671C9C916F0018F260 /* building_icon@3x.png */,
				7AE17F681C9C916F0018F260 /* door_icon.png */,
				7AE17F691C9C916F0018F260 /* door_icon@2x.png */,
				7AE17F6A1C9C916F0018F260 /* door_icon@3x.png */,
				7AE17F6B1C9C916F0018F260 /* history_icon.png */,
				7AE17F6C1C9C916F0018F260 /* history_icon@2x.png */,
				7AE17F6D1C9C916F0018F260 /* history_icon@3x.png */,
				7AE17F6E1C9C916F0018F260 /* user_icon.png */,
				7AE17F6F1C9C916F0018F260 /* user_icon@2x.png */,
				7AE17F701C9C916F0018F260 /* user_icon@3x.png */,
			);
			path = TabBarIcons;
			sourceTree = "<group>";
		};
		7AE17F801C9C945D0018F260 /* Controllers */ = {
			isa = PBXGroup;
			children = (
				7AE17F831C9C94B60018F260 /* Generic */,
				7AE17F841C9C94B60018F260 /* Login */,
				7AE17F851C9C94B60018F260 /* Profile */,
				7AE17F861C9C94B60018F260 /* History */,
				7AE17F871C9C94B60018F260 /* Doors */,
				7AE17F881C9C94B60018F260 /* Buildings */,
				7AE17F811C9C945D0018F260 /* ViewController.swift */,
			);
			path = Controllers;
			sourceTree = "<group>";
		};
		7AE17F831C9C94B60018F260 /* Generic */ = {
			isa = PBXGroup;
			children = (
				7AE17F891C9C94D70018F260 /* GenericTabBarViewController.swift */,
			);
			path = Generic;
			sourceTree = "<group>";
		};
		7AE17F841C9C94B60018F260 /* Login */ = {
			isa = PBXGroup;
			children = (
			);
			path = Login;
			sourceTree = "<group>";
		};
		7AE17F851C9C94B60018F260 /* Profile */ = {
			isa = PBXGroup;
			children = (
			);
			path = Profile;
			sourceTree = "<group>";
		};
		7AE17F861C9C94B60018F260 /* History */ = {
			isa = PBXGroup;
			children = (
			);
			path = History;
			sourceTree = "<group>";
		};
		7AE17F871C9C94B60018F260 /* Doors */ = {
			isa = PBXGroup;
			children = (
			);
			path = Doors;
			sourceTree = "<group>";
		};
		7AE17F881C9C94B60018F260 /* Buildings */ = {
			isa = PBXGroup;
			children = (
			);
			path = Buildings;
			sourceTree = "<group>";
		};
		8DAEA6D32ED1A6EC8847CCC8 /* Pods */ = {
			isa = PBXGroup;
			children = (
				C941FFC8B231DA9C350FF1CE /* Pods-DoorConcept.debug.xcconfig */,
				E843F270DC01459121EE3F36 /* Pods-DoorConcept.release.xcconfig */,
			);
			name = Pods;
			sourceTree = "<group>";
		};
		C73C6800AEABE840C34C3971 /* Frameworks */ = {
			isa = PBXGroup;
			children = (
				ED2A9594E5F6E26B40FA2C47 /* libPods-DoorConcept.a */,
			);
			name = Frameworks;
			sourceTree = "<group>";
		};
/* End PBXGroup section */

/* Begin PBXNativeTarget section */
		7AE17F3C1C9C64ED0018F260 /* DoorConcept */ = {
			isa = PBXNativeTarget;
			buildConfigurationList = 7AE17F5D1C9C64ED0018F260 /* Build configuration list for PBXNativeTarget "DoorConcept" */;
			buildPhases = (
				D978E9FFE73AB42DCFE17CCA /* Check Pods Manifest.lock */,
				7AE17F391C9C64ED0018F260 /* Sources */,
				7AE17F3A1C9C64ED0018F260 /* Frameworks */,
				7AE17F3B1C9C64ED0018F260 /* Resources */,
				9C9DF68747D551ABEFDF9BE5 /* Embed Pods Frameworks */,
				098BD887A58871FA301E0127 /* Copy Pods Resources */,
			);
			buildRules = (
			);
			dependencies = (
			);
			name = DoorConcept;
			productName = DoorConcept;
			productReference = 7AE17F3D1C9C64ED0018F260 /* DoorConcept.app */;
			productType = "com.apple.product-type.application";
		};
		7AE17F531C9C64ED0018F260 /* DoorConceptTests */ = {
			isa = PBXNativeTarget;
			buildConfigurationList = 7AE17F601C9C64ED0018F260 /* Build configuration list for PBXNativeTarget "DoorConceptTests" */;
			buildPhases = (
				7AE17F501C9C64ED0018F260 /* Sources */,
				7AE17F511C9C64ED0018F260 /* Frameworks */,
				7AE17F521C9C64ED0018F260 /* Resources */,
			);
			buildRules = (
			);
			dependencies = (
				7AE17F561C9C64ED0018F260 /* PBXTargetDependency */,
			);
			name = DoorConceptTests;
			productName = DoorConceptTests;
			productReference = 7AE17F541C9C64ED0018F260 /* DoorConceptTests.xctest */;
			productType = "com.apple.product-type.bundle.unit-test";
		};
/* End PBXNativeTarget section */

/* Begin PBXProject section */
		7AE17F351C9C64ED0018F260 /* Project object */ = {
			isa = PBXProject;
			attributes = {
				LastSwiftUpdateCheck = 0720;
				LastUpgradeCheck = 0720;
				ORGANIZATIONNAME = jorgeovalle;
				TargetAttributes = {
					7AE17F3C1C9C64ED0018F260 = {
						CreatedOnToolsVersion = 7.2.1;
					};
					7AE17F531C9C64ED0018F260 = {
						CreatedOnToolsVersion = 7.2.1;
						TestTargetID = 7AE17F3C1C9C64ED0018F260;
					};
				};
			};
			buildConfigurationList = 7AE17F381C9C64ED0018F260 /* Build configuration list for PBXProject "DoorConcept" */;
			compatibilityVersion = "Xcode 3.2";
			developmentRegion = English;
			hasScannedForEncodings = 0;
			knownRegions = (
				en,
				Base,
			);
			mainGroup = 7AE17F341C9C64ED0018F260;
			productRefGroup = 7AE17F3E1C9C64ED0018F260 /* Products */;
			projectDirPath = "";
			projectRoot = "";
			targets = (
				7AE17F3C1C9C64ED0018F260 /* DoorConcept */,
				7AE17F531C9C64ED0018F260 /* DoorConceptTests */,
			);
		};
/* End PBXProject section */

/* Begin PBXResourcesBuildPhase section */
		7AE17F3B1C9C64ED0018F260 /* Resources */ = {
			isa = PBXResourcesBuildPhase;
			buildActionMask = 2147483647;
			files = (
				7AE17F4E1C9C64ED0018F260 /* LaunchScreen.storyboard in Resources */,
				7AE17F751C9C916F0018F260 /* door_icon@2x.png in Resources */,
				7AE17F4B1C9C64ED0018F260 /* Assets.xcassets in Resources */,
				7AE17F791C9C916F0018F260 /* history_icon@3x.png in Resources */,
				7AE17F7C1C9C916F0018F260 /* user_icon@3x.png in Resources */,
				7AE17F731C9C916F0018F260 /* building_icon@3x.png in Resources */,
				7AE17F741C9C916F0018F260 /* door_icon.png in Resources */,
				7AE17F7B1C9C916F0018F260 /* user_icon@2x.png in Resources */,
				7AE17F761C9C916F0018F260 /* door_icon@3x.png in Resources */,
				7AE17F7A1C9C916F0018F260 /* user_icon.png in Resources */,
				7AE17F711C9C916F0018F260 /* building_icon.png in Resources */,
				7AE17F781C9C916F0018F260 /* history_icon@2x.png in Resources */,
				7AE17F461C9C64ED0018F260 /* Main.storyboard in Resources */,
				7AE17F721C9C916F0018F260 /* building_icon@2x.png in Resources */,
				7AE17F771C9C916F0018F260 /* history_icon.png in Resources */,
			);
			runOnlyForDeploymentPostprocessing = 0;
		};
		7AE17F521C9C64ED0018F260 /* Resources */ = {
			isa = PBXResourcesBuildPhase;
			buildActionMask = 2147483647;
			files = (
			);
			runOnlyForDeploymentPostprocessing = 0;
		};
/* End PBXResourcesBuildPhase section */

/* Begin PBXShellScriptBuildPhase section */
		098BD887A58871FA301E0127 /* Copy Pods Resources */ = {
			isa = PBXShellScriptBuildPhase;
			buildActionMask = 2147483647;
			files = (
			);
			inputPaths = (
			);
			name = "Copy Pods Resources";
			outputPaths = (
			);
			runOnlyForDeploymentPostprocessing = 0;
			shellPath = /bin/sh;
			shellScript = "\"${SRCROOT}/Pods/Target Support Files/Pods-DoorConcept/Pods-DoorConcept-resources.sh\"\n";
			showEnvVarsInLog = 0;
		};
		9C9DF68747D551ABEFDF9BE5 /* Embed Pods Frameworks */ = {
			isa = PBXShellScriptBuildPhase;
			buildActionMask = 2147483647;
			files = (
			);
			inputPaths = (
			);
			name = "Embed Pods Frameworks";
			outputPaths = (
			);
			runOnlyForDeploymentPostprocessing = 0;
			shellPath = /bin/sh;
			shellScript = "\"${SRCROOT}/Pods/Target Support Files/Pods-DoorConcept/Pods-DoorConcept-frameworks.sh\"\n";
			showEnvVarsInLog = 0;
		};
		D978E9FFE73AB42DCFE17CCA /* Check Pods Manifest.lock */ = {
			isa = PBXShellScriptBuildPhase;
			buildActionMask = 2147483647;
			files = (
			);
			inputPaths = (
			);
			name = "Check Pods Manifest.lock";
			outputPaths = (
			);
			runOnlyForDeploymentPostprocessing = 0;
			shellPath = /bin/sh;
			shellScript = "diff \"${PODS_ROOT}/../Podfile.lock\" \"${PODS_ROOT}/Manifest.lock\" > /dev/null\nif [[ $? != 0 ]] ; then\n    cat << EOM\nerror: The sandbox is not in sync with the Podfile.lock. Run 'pod install' or update your CocoaPods installation.\nEOM\n    exit 1\nfi\n";
			showEnvVarsInLog = 0;
		};
/* End PBXShellScriptBuildPhase section */

/* Begin PBXSourcesBuildPhase section */
		7AE17F391C9C64ED0018F260 /* Sources */ = {
			isa = PBXSourcesBuildPhase;
			buildActionMask = 2147483647;
			files = (
				7AE17F8A1C9C94D70018F260 /* GenericTabBarViewController.swift in Sources */,
				7AE17F821C9C945D0018F260 /* ViewController.swift in Sources */,
				7AE17F411C9C64ED0018F260 /* AppDelegate.swift in Sources */,
				7AE17F491C9C64ED0018F260 /* DoorConcept.xcdatamodeld in Sources */,
			);
			runOnlyForDeploymentPostprocessing = 0;
		};
		7AE17F501C9C64ED0018F260 /* Sources */ = {
			isa = PBXSourcesBuildPhase;
			buildActionMask = 2147483647;
			files = (
				7AE17F591C9C64ED0018F260 /* DoorConceptTests.swift in Sources */,
			);
			runOnlyForDeploymentPostprocessing = 0;
		};
/* End PBXSourcesBuildPhase section */

/* Begin PBXTargetDependency section */
		7AE17F561C9C64ED0018F260 /* PBXTargetDependency */ = {
			isa = PBXTargetDependency;
			target = 7AE17F3C1C9C64ED0018F260 /* DoorConcept */;
			targetProxy = 7AE17F551C9C64ED0018F260 /* PBXContainerItemProxy */;
		};
/* End PBXTargetDependency section */

/* Begin PBXVariantGroup section */
		7AE17F441C9C64ED0018F260 /* Main.storyboard */ = {
			isa = PBXVariantGroup;
			children = (
				7AE17F451C9C64ED0018F260 /* Base */,
			);
			name = Main.storyboard;
			sourceTree = "<group>";
		};
		7AE17F4C1C9C64ED0018F260 /* LaunchScreen.storyboard */ = {
			isa = PBXVariantGroup;
			children = (
				7AE17F4D1C9C64ED0018F260 /* Base */,
			);
			name = LaunchScreen.storyboard;
			sourceTree = "<group>";
		};
/* End PBXVariantGroup section */

/* Begin XCBuildConfiguration section */
		7AE17F5B1C9C64ED0018F260 /* Debug */ = {
			isa = XCBuildConfiguration;
			buildSettings = {
				ALWAYS_SEARCH_USER_PATHS = NO;
				CLANG_CXX_LANGUAGE_STANDARD = "gnu++0x";
				CLANG_CXX_LIBRARY = "libc++";
				CLANG_ENABLE_MODULES = YES;
				CLANG_ENABLE_OBJC_ARC = YES;
				CLANG_WARN_BOOL_CONVERSION = YES;
				CLANG_WARN_CONSTANT_CONVERSION = YES;
				CLANG_WARN_DIRECT_OBJC_ISA_USAGE = YES_ERROR;
				CLANG_WARN_EMPTY_BODY = YES;
				CLANG_WARN_ENUM_CONVERSION = YES;
				CLANG_WARN_INT_CONVERSION = YES;
				CLANG_WARN_OBJC_ROOT_CLASS = YES_ERROR;
				CLANG_WARN_UNREACHABLE_CODE = YES;
				CLANG_WARN__DUPLICATE_METHOD_MATCH = YES;
				"CODE_SIGN_IDENTITY[sdk=iphoneos*]" = "iPhone Developer";
				COPY_PHASE_STRIP = NO;
				DEBUG_INFORMATION_FORMAT = dwarf;
				ENABLE_STRICT_OBJC_MSGSEND = YES;
				ENABLE_TESTABILITY = YES;
				GCC_C_LANGUAGE_STANDARD = gnu99;
				GCC_DYNAMIC_NO_PIC = NO;
				GCC_NO_COMMON_BLOCKS = YES;
				GCC_OPTIMIZATION_LEVEL = 0;
				GCC_PREPROCESSOR_DEFINITIONS = (
					"DEBUG=1",
					"$(inherited)",
				);
				GCC_WARN_64_TO_32_BIT_CONVERSION = YES;
				GCC_WARN_ABOUT_RETURN_TYPE = YES_ERROR;
				GCC_WARN_UNDECLARED_SELECTOR = YES;
				GCC_WARN_UNINITIALIZED_AUTOS = YES_AGGRESSIVE;
				GCC_WARN_UNUSED_FUNCTION = YES;
				GCC_WARN_UNUSED_VARIABLE = YES;
				IPHONEOS_DEPLOYMENT_TARGET = 9.2;
				MTL_ENABLE_DEBUG_INFO = YES;
				ONLY_ACTIVE_ARCH = YES;
				SDKROOT = iphoneos;
				SWIFT_OPTIMIZATION_LEVEL = "-Onone";
			};
			name = Debug;
		};
		7AE17F5C1C9C64ED0018F260 /* Release */ = {
			isa = XCBuildConfiguration;
			buildSettings = {
				ALWAYS_SEARCH_USER_PATHS = NO;
				CLANG_CXX_LANGUAGE_STANDARD = "gnu++0x";
				CLANG_CXX_LIBRARY = "libc++";
				CLANG_ENABLE_MODULES = YES;
				CLANG_ENABLE_OBJC_ARC = YES;
				CLANG_WARN_BOOL_CONVERSION = YES;
				CLANG_WARN_CONSTANT_CONVERSION = YES;
				CLANG_WARN_DIRECT_OBJC_ISA_USAGE = YES_ERROR;
				CLANG_WARN_EMPTY_BODY = YES;
				CLANG_WARN_ENUM_CONVERSION = YES;
				CLANG_WARN_INT_CONVERSION = YES;
				CLANG_WARN_OBJC_ROOT_CLASS = YES_ERROR;
				CLANG_WARN_UNREACHABLE_CODE = YES;
				CLANG_WARN__DUPLICATE_METHOD_MATCH = YES;
				"CODE_SIGN_IDENTITY[sdk=iphoneos*]" = "iPhone Developer";
				COPY_PHASE_STRIP = NO;
				DEBUG_INFORMATION_FORMAT = "dwarf-with-dsym";
				ENABLE_NS_ASSERTIONS = NO;
				ENABLE_STRICT_OBJC_MSGSEND = YES;
				GCC_C_LANGUAGE_STANDARD = gnu99;
				GCC_NO_COMMON_BLOCKS = YES;
				GCC_WARN_64_TO_32_BIT_CONVERSION = YES;
				GCC_WARN_ABOUT_RETURN_TYPE = YES_ERROR;
				GCC_WARN_UNDECLARED_SELECTOR = YES;
				GCC_WARN_UNINITIALIZED_AUTOS = YES_AGGRESSIVE;
				GCC_WARN_UNUSED_FUNCTION = YES;
				GCC_WARN_UNUSED_VARIABLE = YES;
				IPHONEOS_DEPLOYMENT_TARGET = 9.2;
				MTL_ENABLE_DEBUG_INFO = NO;
				SDKROOT = iphoneos;
				VALIDATE_PRODUCT = YES;
			};
			name = Release;
		};
		7AE17F5E1C9C64ED0018F260 /* Debug */ = {
			isa = XCBuildConfiguration;
			baseConfigurationReference = C941FFC8B231DA9C350FF1CE /* Pods-DoorConcept.debug.xcconfig */;
			buildSettings = {
				ASSETCATALOG_COMPILER_APPICON_NAME = AppIcon;
				INFOPLIST_FILE = DoorConcept/Info.plist;
				LD_RUNPATH_SEARCH_PATHS = "$(inherited) @executable_path/Frameworks";
				PRODUCT_BUNDLE_IDENTIFIER = co.jorgeovalle.DoorConcept;
				PRODUCT_NAME = "$(TARGET_NAME)";
			};
			name = Debug;
		};
		7AE17F5F1C9C64ED0018F260 /* Release */ = {
			isa = XCBuildConfiguration;
			baseConfigurationReference = E843F270DC01459121EE3F36 /* Pods-DoorConcept.release.xcconfig */;
			buildSettings = {
				ASSETCATALOG_COMPILER_APPICON_NAME = AppIcon;
				INFOPLIST_FILE = DoorConcept/Info.plist;
				LD_RUNPATH_SEARCH_PATHS = "$(inherited) @executable_path/Frameworks";
				PRODUCT_BUNDLE_IDENTIFIER = co.jorgeovalle.DoorConcept;
				PRODUCT_NAME = "$(TARGET_NAME)";
			};
			name = Release;
		};
		7AE17F611C9C64ED0018F260 /* Debug */ = {
			isa = XCBuildConfiguration;
			buildSettings = {
				BUNDLE_LOADER = "$(TEST_HOST)";
				INFOPLIST_FILE = DoorConceptTests/Info.plist;
				LD_RUNPATH_SEARCH_PATHS = "$(inherited) @executable_path/Frameworks @loader_path/Frameworks";
				PRODUCT_BUNDLE_IDENTIFIER = co.jorgeovalle.DoorConceptTests;
				PRODUCT_NAME = "$(TARGET_NAME)";
				TEST_HOST = "$(BUILT_PRODUCTS_DIR)/DoorConcept.app/DoorConcept";
			};
			name = Debug;
		};
		7AE17F621C9C64ED0018F260 /* Release */ = {
			isa = XCBuildConfiguration;
			buildSettings = {
				BUNDLE_LOADER = "$(TEST_HOST)";
				INFOPLIST_FILE = DoorConceptTests/Info.plist;
				LD_RUNPATH_SEARCH_PATHS = "$(inherited) @executable_path/Frameworks @loader_path/Frameworks";
				PRODUCT_BUNDLE_IDENTIFIER = co.jorgeovalle.DoorConceptTests;
				PRODUCT_NAME = "$(TARGET_NAME)";
				TEST_HOST = "$(BUILT_PRODUCTS_DIR)/DoorConcept.app/DoorConcept";
			};
			name = Release;
		};
/* End XCBuildConfiguration section */

/* Begin XCConfigurationList section */
		7AE17F381C9C64ED0018F260 /* Build configuration list for PBXProject "DoorConcept" */ = {
			isa = XCConfigurationList;
			buildConfigurations = (
				7AE17F5B1C9C64ED0018F260 /* Debug */,
				7AE17F5C1C9C64ED0018F260 /* Release */,
			);
			defaultConfigurationIsVisible = 0;
			defaultConfigurationName = Release;
		};
		7AE17F5D1C9C64ED0018F260 /* Build configuration list for PBXNativeTarget "DoorConcept" */ = {
			isa = XCConfigurationList;
			buildConfigurations = (
				7AE17F5E1C9C64ED0018F260 /* Debug */,
				7AE17F5F1C9C64ED0018F260 /* Release */,
			);
			defaultConfigurationIsVisible = 0;
			defaultConfigurationName = Release;
		};
		7AE17F601C9C64ED0018F260 /* Build configuration list for PBXNativeTarget "DoorConceptTests" */ = {
			isa = XCConfigurationList;
			buildConfigurations = (
				7AE17F611C9C64ED0018F260 /* Debug */,
				7AE17F621C9C64ED0018F260 /* Release */,
			);
			defaultConfigurationIsVisible = 0;
			defaultConfigurationName = Release;
		};
/* End XCConfigurationList section */

/* Begin XCVersionGroup section */
		7AE17F471C9C64ED0018F260 /* DoorConcept.xcdatamodeld */ = {
			isa = XCVersionGroup;
			children = (
				7AE17F481C9C64ED0018F260 /* DoorConcept.xcdatamodel */,
			);
			currentVersion = 7AE17F481C9C64ED0018F260 /* DoorConcept.xcdatamodel */;
			path = DoorConcept.xcdatamodeld;
			sourceTree = "<group>";
			versionGroupType = wrapper.xcdatamodel;
		};
/* End XCVersionGroup section */
	};
	rootObject = 7AE17F351C9C64ED0018F260 /* Project object */;
}
