// !$*UTF8*$!
{
	archiveVersion = 1;
	classes = {
	};
	objectVersion = 46;
	objects = {

/* Begin PBXBuildFile section */
		7A32C9841C9F9B480081EBF4 /* HistoryTableViewController.swift in Sources */ = {isa = PBXBuildFile; fileRef = 7A32C9831C9F9B480081EBF4 /* HistoryTableViewController.swift */; };
		7A32C9871C9F9B860081EBF4 /* HistoryTableViewCell.swift in Sources */ = {isa = PBXBuildFile; fileRef = 7A32C9861C9F9B860081EBF4 /* HistoryTableViewCell.swift */; };
		7A32C9891C9FAF8A0081EBF4 /* DoorInformation.swift in Sources */ = {isa = PBXBuildFile; fileRef = 7A32C9881C9FAF8A0081EBF4 /* DoorInformation.swift */; };
		7A32C98D1C9FB8950081EBF4 /* btn_open_icon.png in Resources */ = {isa = PBXBuildFile; fileRef = 7A32C98A1C9FB8950081EBF4 /* btn_open_icon.png */; };
		7A32C98E1C9FB8950081EBF4 /* btn_open_icon@2x.png in Resources */ = {isa = PBXBuildFile; fileRef = 7A32C98B1C9FB8950081EBF4 /* btn_open_icon@2x.png */; };
		7A32C98F1C9FB8950081EBF4 /* btn_open_icon@3x.png in Resources */ = {isa = PBXBuildFile; fileRef = 7A32C98C1C9FB8950081EBF4 /* btn_open_icon@3x.png */; };
		7A32C9921C9FC0670081EBF4 /* GrantedUserTableViewCell.swift in Sources */ = {isa = PBXBuildFile; fileRef = 7A32C9901C9FC0670081EBF4 /* GrantedUserTableViewCell.swift */; };
		7A32C9931C9FC0670081EBF4 /* GrantedUserTableViewCell.xib in Resources */ = {isa = PBXBuildFile; fileRef = 7A32C9911C9FC0670081EBF4 /* GrantedUserTableViewCell.xib */; };
		7A32C9B11CA064510081EBF4 /* Building+CoreDataProperties.swift in Sources */ = {isa = PBXBuildFile; fileRef = 7A32C9A91CA064510081EBF4 /* Building+CoreDataProperties.swift */; };
		7A32C9B21CA064510081EBF4 /* Building.swift in Sources */ = {isa = PBXBuildFile; fileRef = 7A32C9AA1CA064510081EBF4 /* Building.swift */; };
		7A32C9B31CA064510081EBF4 /* Door+CoreDataProperties.swift in Sources */ = {isa = PBXBuildFile; fileRef = 7A32C9AB1CA064510081EBF4 /* Door+CoreDataProperties.swift */; };
		7A32C9B41CA064510081EBF4 /* Door.swift in Sources */ = {isa = PBXBuildFile; fileRef = 7A32C9AC1CA064510081EBF4 /* Door.swift */; };
		7A32C9B51CA064510081EBF4 /* Permision+CoreDataProperties.swift in Sources */ = {isa = PBXBuildFile; fileRef = 7A32C9AD1CA064510081EBF4 /* Permision+CoreDataProperties.swift */; };
		7A32C9B61CA064510081EBF4 /* Permision.swift in Sources */ = {isa = PBXBuildFile; fileRef = 7A32C9AE1CA064510081EBF4 /* Permision.swift */; };
		7A32C9B71CA064510081EBF4 /* User+CoreDataProperties.swift in Sources */ = {isa = PBXBuildFile; fileRef = 7A32C9AF1CA064510081EBF4 /* User+CoreDataProperties.swift */; };
		7A32C9B81CA064510081EBF4 /* User.swift in Sources */ = {isa = PBXBuildFile; fileRef = 7A32C9B01CA064510081EBF4 /* User.swift */; };
		7A32C9BA1CA06F040081EBF4 /* UserService.swift in Sources */ = {isa = PBXBuildFile; fileRef = 7A32C9B91CA06F040081EBF4 /* UserService.swift */; };
		7A32C9BE1CA0A0520081EBF4 /* BuildingsInteractor.swift in Sources */ = {isa = PBXBuildFile; fileRef = 7A32C9BD1CA0A0520081EBF4 /* BuildingsInteractor.swift */; };
		7A32C9C11CA0A9F90081EBF4 /* DoorInteractor.swift in Sources */ = {isa = PBXBuildFile; fileRef = 7A32C9BF1CA0A9F90081EBF4 /* DoorInteractor.swift */; };
		7A32C9C21CA0A9F90081EBF4 /* AddDoorsViewController.swift in Sources */ = {isa = PBXBuildFile; fileRef = 7A32C9C01CA0A9F90081EBF4 /* AddDoorsViewController.swift */; };
		7AE17F411C9C64ED0018F260 /* AppDelegate.swift in Sources */ = {isa = PBXBuildFile; fileRef = 7AE17F401C9C64ED0018F260 /* AppDelegate.swift */; };
		7AE17F461C9C64ED0018F260 /* Main.storyboard in Resources */ = {isa = PBXBuildFile; fileRef = 7AE17F441C9C64ED0018F260 /* Main.storyboard */; };
		7AE17F491C9C64ED0018F260 /* DoorConcept.xcdatamodeld in Sources */ = {isa = PBXBuildFile; fileRef = 7AE17F471C9C64ED0018F260 /* DoorConcept.xcdatamodeld */; };
		7AE17F4B1C9C64ED0018F260 /* Assets.xcassets in Resources */ = {isa = PBXBuildFile; fileRef = 7AE17F4A1C9C64ED0018F260 /* Assets.xcassets */; };
		7AE17F4E1C9C64ED0018F260 /* LaunchScreen.storyboard in Resources */ = {isa = PBXBuildFile; fileRef = 7AE17F4C1C9C64ED0018F260 /* LaunchScreen.storyboard */; };
		7AE17F591C9C64ED0018F260 /* DoorConceptTests.swift in Sources */ = {isa = PBXBuildFile; fileRef = 7AE17F581C9C64ED0018F260 /* DoorConceptTests.swift */; };
		7AE17F711C9C916F0018F260 /* building_icon.png in Resources */ = {isa = PBXBuildFile; fileRef = 7AE17F651C9C916F0018F260 /* building_icon.png */; };
		7AE17F721C9C916F0018F260 /* building_icon@2x.png in Resources */ = {isa = PBXBuildFile; fileRef = 7AE17F661C9C916F0018F260 /* building_icon@2x.png */; };
		7AE17F731C9C916F0018F260 /* building_icon@3x.png in Resources */ = {isa = PBXBuildFile; fileRef = 7AE17F671C9C916F0018F260 /* building_icon@3x.png */; };
		7AE17F741C9C916F0018F260 /* door_icon.png in Resources */ = {isa = PBXBuildFile; fileRef = 7AE17F681C9C916F0018F260 /* door_icon.png */; };
		7AE17F751C9C916F0018F260 /* door_icon@2x.png in Resources */ = {isa = PBXBuildFile; fileRef = 7AE17F691C9C916F0018F260 /* door_icon@2x.png */; };
		7AE17F761C9C916F0018F260 /* door_icon@3x.png in Resources */ = {isa = PBXBuildFile; fileRef = 7AE17F6A1C9C916F0018F260 /* door_icon@3x.png */; };
		7AE17F771C9C916F0018F260 /* history_icon.png in Resources */ = {isa = PBXBuildFile; fileRef = 7AE17F6B1C9C916F0018F260 /* history_icon.png */; };
		7AE17F781C9C916F0018F260 /* history_icon@2x.png in Resources */ = {isa = PBXBuildFile; fileRef = 7AE17F6C1C9C916F0018F260 /* history_icon@2x.png */; };
		7AE17F791C9C916F0018F260 /* history_icon@3x.png in Resources */ = {isa = PBXBuildFile; fileRef = 7AE17F6D1C9C916F0018F260 /* history_icon@3x.png */; };
		7AE17F7A1C9C916F0018F260 /* user_icon.png in Resources */ = {isa = PBXBuildFile; fileRef = 7AE17F6E1C9C916F0018F260 /* user_icon.png */; };
		7AE17F7B1C9C916F0018F260 /* user_icon@2x.png in Resources */ = {isa = PBXBuildFile; fileRef = 7AE17F6F1C9C916F0018F260 /* user_icon@2x.png */; };
		7AE17F7C1C9C916F0018F260 /* user_icon@3x.png in Resources */ = {isa = PBXBuildFile; fileRef = 7AE17F701C9C916F0018F260 /* user_icon@3x.png */; };
		7AE17F8A1C9C94D70018F260 /* GenericTabBarViewController.swift in Sources */ = {isa = PBXBuildFile; fileRef = 7AE17F891C9C94D70018F260 /* GenericTabBarViewController.swift */; };
		7AE17F8E1C9C96650018F260 /* AddBuildingsViewController.swift in Sources */ = {isa = PBXBuildFile; fileRef = 7AE17F8D1C9C96650018F260 /* AddBuildingsViewController.swift */; };
		7AE17F901C9C989E0018F260 /* BuildingsTableViewController.swift in Sources */ = {isa = PBXBuildFile; fileRef = 7AE17F8F1C9C989E0018F260 /* BuildingsTableViewController.swift */; };
		7AE17F941C9C9FA40018F260 /* UIColorExtension.swift in Sources */ = {isa = PBXBuildFile; fileRef = 7AE17F931C9C9FA40018F260 /* UIColorExtension.swift */; };
		7AE17F981C9CA08B0018F260 /* GenericNavigationController.swift in Sources */ = {isa = PBXBuildFile; fileRef = 7AE17F971C9CA08B0018F260 /* GenericNavigationController.swift */; };
		7AE17FBC1C9CB5290018F260 /* BuildingsTableViewCell.swift in Sources */ = {isa = PBXBuildFile; fileRef = 7AE17FBB1C9CB5290018F260 /* BuildingsTableViewCell.swift */; };
		7AE17FCE1C9CB9210018F260 /* build_0.png in Resources */ = {isa = PBXBuildFile; fileRef = 7AE17FBF1C9CB9210018F260 /* build_0.png */; };
		7AE17FCF1C9CB9210018F260 /* build_0@2x.png in Resources */ = {isa = PBXBuildFile; fileRef = 7AE17FC01C9CB9210018F260 /* build_0@2x.png */; };
		7AE17FD01C9CB9210018F260 /* build_0@3x.png in Resources */ = {isa = PBXBuildFile; fileRef = 7AE17FC11C9CB9210018F260 /* build_0@3x.png */; };
		7AE17FD11C9CB9210018F260 /* build_1.png in Resources */ = {isa = PBXBuildFile; fileRef = 7AE17FC21C9CB9210018F260 /* build_1.png */; };
		7AE17FD21C9CB9210018F260 /* build_1@2x.png in Resources */ = {isa = PBXBuildFile; fileRef = 7AE17FC31C9CB9210018F260 /* build_1@2x.png */; };
		7AE17FD31C9CB9210018F260 /* build_1@3x.png in Resources */ = {isa = PBXBuildFile; fileRef = 7AE17FC41C9CB9210018F260 /* build_1@3x.png */; };
		7AE17FD41C9CB9210018F260 /* build_2.png in Resources */ = {isa = PBXBuildFile; fileRef = 7AE17FC51C9CB9210018F260 /* build_2.png */; };
		7AE17FD51C9CB9210018F260 /* build_2@2x.png in Resources */ = {isa = PBXBuildFile; fileRef = 7AE17FC61C9CB9210018F260 /* build_2@2x.png */; };
		7AE17FD61C9CB9210018F260 /* build_2@3x.png in Resources */ = {isa = PBXBuildFile; fileRef = 7AE17FC71C9CB9210018F260 /* build_2@3x.png */; };
		7AE17FD71C9CB9210018F260 /* build_3.png in Resources */ = {isa = PBXBuildFile; fileRef = 7AE17FC81C9CB9210018F260 /* build_3.png */; };
		7AE17FD81C9CB9210018F260 /* build_3@2x.png in Resources */ = {isa = PBXBuildFile; fileRef = 7AE17FC91C9CB9210018F260 /* build_3@2x.png */; };
		7AE17FD91C9CB9210018F260 /* build_3@3x.png in Resources */ = {isa = PBXBuildFile; fileRef = 7AE17FCA1C9CB9210018F260 /* build_3@3x.png */; };
		7AE17FDA1C9CB9210018F260 /* build_4.png in Resources */ = {isa = PBXBuildFile; fileRef = 7AE17FCB1C9CB9210018F260 /* build_4.png */; };
		7AE17FDB1C9CB9210018F260 /* build_4@2x.png in Resources */ = {isa = PBXBuildFile; fileRef = 7AE17FCC1C9CB9210018F260 /* build_4@2x.png */; };
		7AE17FDC1C9CB9210018F260 /* build_4@3x.png in Resources */ = {isa = PBXBuildFile; fileRef = 7AE17FCD1C9CB9210018F260 /* build_4@3x.png */; };
		7AE17FED1C9CD0200018F260 /* door_0.png in Resources */ = {isa = PBXBuildFile; fileRef = 7AE17FDE1C9CD0200018F260 /* door_0.png */; };
		7AE17FEE1C9CD0200018F260 /* door_0@2x.png in Resources */ = {isa = PBXBuildFile; fileRef = 7AE17FDF1C9CD0200018F260 /* door_0@2x.png */; };
		7AE17FEF1C9CD0200018F260 /* door_0@3x.png in Resources */ = {isa = PBXBuildFile; fileRef = 7AE17FE01C9CD0200018F260 /* door_0@3x.png */; };
		7AE17FF01C9CD0200018F260 /* door_1.png in Resources */ = {isa = PBXBuildFile; fileRef = 7AE17FE11C9CD0200018F260 /* door_1.png */; };
		7AE17FF11C9CD0200018F260 /* door_1@2x.png in Resources */ = {isa = PBXBuildFile; fileRef = 7AE17FE21C9CD0200018F260 /* door_1@2x.png */; };
		7AE17FF21C9CD0200018F260 /* door_1@3x.png in Resources */ = {isa = PBXBuildFile; fileRef = 7AE17FE31C9CD0200018F260 /* door_1@3x.png */; };
		7AE17FF31C9CD0200018F260 /* door_2.png in Resources */ = {isa = PBXBuildFile; fileRef = 7AE17FE41C9CD0200018F260 /* door_2.png */; };
		7AE17FF41C9CD0200018F260 /* door_2@2x.png in Resources */ = {isa = PBXBuildFile; fileRef = 7AE17FE51C9CD0200018F260 /* door_2@2x.png */; };
		7AE17FF51C9CD0200018F260 /* door_2@3x.png in Resources */ = {isa = PBXBuildFile; fileRef = 7AE17FE61C9CD0200018F260 /* door_2@3x.png */; };
		7AE17FF61C9CD0200018F260 /* door_3.png in Resources */ = {isa = PBXBuildFile; fileRef = 7AE17FE71C9CD0200018F260 /* door_3.png */; };
		7AE17FF71C9CD0200018F260 /* door_3@2x.png in Resources */ = {isa = PBXBuildFile; fileRef = 7AE17FE81C9CD0200018F260 /* door_3@2x.png */; };
		7AE17FF81C9CD0200018F260 /* door_3@3x.png in Resources */ = {isa = PBXBuildFile; fileRef = 7AE17FE91C9CD0200018F260 /* door_3@3x.png */; };
		7AE17FF91C9CD0200018F260 /* door_4.png in Resources */ = {isa = PBXBuildFile; fileRef = 7AE17FEA1C9CD0200018F260 /* door_4.png */; };
		7AE17FFA1C9CD0200018F260 /* door_4@2x.png in Resources */ = {isa = PBXBuildFile; fileRef = 7AE17FEB1C9CD0200018F260 /* door_4@2x.png */; };
		7AE17FFB1C9CD0200018F260 /* door_4@3x.png in Resources */ = {isa = PBXBuildFile; fileRef = 7AE17FEC1C9CD0200018F260 /* door_4@3x.png */; };
		7AE17FFD1C9CD0D60018F260 /* DoorsTableViewController.swift in Sources */ = {isa = PBXBuildFile; fileRef = 7AE17FFC1C9CD0D60018F260 /* DoorsTableViewController.swift */; };
		7AE180001C9CD20B0018F260 /* DoorsTableViewCell.swift in Sources */ = {isa = PBXBuildFile; fileRef = 7AE17FFF1C9CD20B0018F260 /* DoorsTableViewCell.swift */; };
		7AE180881C9DC0330018F260 /* build_big_0.png in Resources */ = {isa = PBXBuildFile; fileRef = 7AE180791C9DC0330018F260 /* build_big_0.png */; };
		7AE180891C9DC0330018F260 /* build_big_0@2x.png in Resources */ = {isa = PBXBuildFile; fileRef = 7AE1807A1C9DC0330018F260 /* build_big_0@2x.png */; };
		7AE1808A1C9DC0330018F260 /* build_big_0@3x.png in Resources */ = {isa = PBXBuildFile; fileRef = 7AE1807B1C9DC0330018F260 /* build_big_0@3x.png */; };
		7AE1808B1C9DC0330018F260 /* build_big_1.png in Resources */ = {isa = PBXBuildFile; fileRef = 7AE1807C1C9DC0330018F260 /* build_big_1.png */; };
		7AE1808C1C9DC0330018F260 /* build_big_1@2x.png in Resources */ = {isa = PBXBuildFile; fileRef = 7AE1807D1C9DC0330018F260 /* build_big_1@2x.png */; };
		7AE1808D1C9DC0330018F260 /* build_big_1@3x.png in Resources */ = {isa = PBXBuildFile; fileRef = 7AE1807E1C9DC0330018F260 /* build_big_1@3x.png */; };
		7AE1808E1C9DC0330018F260 /* build_big_2.png in Resources */ = {isa = PBXBuildFile; fileRef = 7AE1807F1C9DC0330018F260 /* build_big_2.png */; };
		7AE1808F1C9DC0330018F260 /* build_big_2@2x.png in Resources */ = {isa = PBXBuildFile; fileRef = 7AE180801C9DC0330018F260 /* build_big_2@2x.png */; };
		7AE180901C9DC0330018F260 /* build_big_2@3x.png in Resources */ = {isa = PBXBuildFile; fileRef = 7AE180811C9DC0330018F260 /* build_big_2@3x.png */; };
		7AE180911C9DC0330018F260 /* build_big_3.png in Resources */ = {isa = PBXBuildFile; fileRef = 7AE180821C9DC0330018F260 /* build_big_3.png */; };
		7AE180921C9DC0330018F260 /* build_big_3@2x.png in Resources */ = {isa = PBXBuildFile; fileRef = 7AE180831C9DC0330018F260 /* build_big_3@2x.png */; };
		7AE180931C9DC0330018F260 /* build_big_3@3x.png in Resources */ = {isa = PBXBuildFile; fileRef = 7AE180841C9DC0330018F260 /* build_big_3@3x.png */; };
		7AE180941C9DC0330018F260 /* build_big_4.png in Resources */ = {isa = PBXBuildFile; fileRef = 7AE180851C9DC0330018F260 /* build_big_4.png */; };
		7AE180951C9DC0330018F260 /* build_big_4@2x.png in Resources */ = {isa = PBXBuildFile; fileRef = 7AE180861C9DC0330018F260 /* build_big_4@2x.png */; };
		7AE180961C9DC0330018F260 /* build_big_4@3x.png in Resources */ = {isa = PBXBuildFile; fileRef = 7AE180871C9DC0330018F260 /* build_big_4@3x.png */; };
		7AE1809B1C9DCB450018F260 /* btn_trash.png in Resources */ = {isa = PBXBuildFile; fileRef = 7AE180981C9DCB450018F260 /* btn_trash.png */; };
		7AE1809C1C9DCB450018F260 /* btn_trash@2x.png in Resources */ = {isa = PBXBuildFile; fileRef = 7AE180991C9DCB450018F260 /* btn_trash@2x.png */; };
		7AE1809D1C9DCB450018F260 /* btn_trash@3x.png in Resources */ = {isa = PBXBuildFile; fileRef = 7AE1809A1C9DCB450018F260 /* btn_trash@3x.png */; };
		7AE180A21C9DD3020018F260 /* Logo.png in Resources */ = {isa = PBXBuildFile; fileRef = 7AE1809F1C9DD3020018F260 /* Logo.png */; };
		7AE180A31C9DD3020018F260 /* Logo@2x.png in Resources */ = {isa = PBXBuildFile; fileRef = 7AE180A01C9DD3020018F260 /* Logo@2x.png */; };
		7AE180A41C9DD3020018F260 /* Logo@3x.png in Resources */ = {isa = PBXBuildFile; fileRef = 7AE180A11C9DD3020018F260 /* Logo@3x.png */; };
		7AE180A61C9DD3D70018F260 /* LoginViewController.swift in Sources */ = {isa = PBXBuildFile; fileRef = 7AE180A51C9DD3D70018F260 /* LoginViewController.swift */; };
		7AE180CC1C9E02B70018F260 /* user_0.png in Resources */ = {isa = PBXBuildFile; fileRef = 7AE180A81C9E02B70018F260 /* user_0.png */; };
		7AE180CD1C9E02B70018F260 /* user_0@2x.png in Resources */ = {isa = PBXBuildFile; fileRef = 7AE180A91C9E02B70018F260 /* user_0@2x.png */; };
		7AE180CE1C9E02B70018F260 /* user_0@3x.png in Resources */ = {isa = PBXBuildFile; fileRef = 7AE180AA1C9E02B70018F260 /* user_0@3x.png */; };
		7AE180CF1C9E02B70018F260 /* user_1.png in Resources */ = {isa = PBXBuildFile; fileRef = 7AE180AB1C9E02B70018F260 /* user_1.png */; };
		7AE180D01C9E02B70018F260 /* user_10.png in Resources */ = {isa = PBXBuildFile; fileRef = 7AE180AC1C9E02B70018F260 /* user_10.png */; };
		7AE180D11C9E02B70018F260 /* user_10@2x.png in Resources */ = {isa = PBXBuildFile; fileRef = 7AE180AD1C9E02B70018F260 /* user_10@2x.png */; };
		7AE180D21C9E02B70018F260 /* user_10@3x.png in Resources */ = {isa = PBXBuildFile; fileRef = 7AE180AE1C9E02B70018F260 /* user_10@3x.png */; };
		7AE180D31C9E02B70018F260 /* user_11.png in Resources */ = {isa = PBXBuildFile; fileRef = 7AE180AF1C9E02B70018F260 /* user_11.png */; };
		7AE180D41C9E02B70018F260 /* user_11@2x.png in Resources */ = {isa = PBXBuildFile; fileRef = 7AE180B01C9E02B70018F260 /* user_11@2x.png */; };
		7AE180D51C9E02B70018F260 /* user_11@3x.png in Resources */ = {isa = PBXBuildFile; fileRef = 7AE180B11C9E02B70018F260 /* user_11@3x.png */; };
		7AE180D61C9E02B70018F260 /* user_1@2x.png in Resources */ = {isa = PBXBuildFile; fileRef = 7AE180B21C9E02B70018F260 /* user_1@2x.png */; };
		7AE180D71C9E02B70018F260 /* user_1@3x.png in Resources */ = {isa = PBXBuildFile; fileRef = 7AE180B31C9E02B70018F260 /* user_1@3x.png */; };
		7AE180D81C9E02B70018F260 /* user_2.png in Resources */ = {isa = PBXBuildFile; fileRef = 7AE180B41C9E02B70018F260 /* user_2.png */; };
		7AE180D91C9E02B70018F260 /* user_2@2x.png in Resources */ = {isa = PBXBuildFile; fileRef = 7AE180B51C9E02B70018F260 /* user_2@2x.png */; };
		7AE180DA1C9E02B70018F260 /* user_2@3x.png in Resources */ = {isa = PBXBuildFile; fileRef = 7AE180B61C9E02B70018F260 /* user_2@3x.png */; };
		7AE180DB1C9E02B70018F260 /* user_3.png in Resources */ = {isa = PBXBuildFile; fileRef = 7AE180B71C9E02B70018F260 /* user_3.png */; };
		7AE180DC1C9E02B70018F260 /* user_3@2x.png in Resources */ = {isa = PBXBuildFile; fileRef = 7AE180B81C9E02B70018F260 /* user_3@2x.png */; };
		7AE180DD1C9E02B70018F260 /* user_3@3x.png in Resources */ = {isa = PBXBuildFile; fileRef = 7AE180B91C9E02B70018F260 /* user_3@3x.png */; };
		7AE180DE1C9E02B70018F260 /* user_4.png in Resources */ = {isa = PBXBuildFile; fileRef = 7AE180BA1C9E02B70018F260 /* user_4.png */; };
		7AE180DF1C9E02B70018F260 /* user_4@2x.png in Resources */ = {isa = PBXBuildFile; fileRef = 7AE180BB1C9E02B70018F260 /* user_4@2x.png */; };
		7AE180E01C9E02B70018F260 /* user_4@3x.png in Resources */ = {isa = PBXBuildFile; fileRef = 7AE180BC1C9E02B70018F260 /* user_4@3x.png */; };
		7AE180E11C9E02B70018F260 /* user_5.png in Resources */ = {isa = PBXBuildFile; fileRef = 7AE180BD1C9E02B70018F260 /* user_5.png */; };
		7AE180E21C9E02B70018F260 /* user_5@2x.png in Resources */ = {isa = PBXBuildFile; fileRef = 7AE180BE1C9E02B70018F260 /* user_5@2x.png */; };
		7AE180E31C9E02B70018F260 /* user_5@3x.png in Resources */ = {isa = PBXBuildFile; fileRef = 7AE180BF1C9E02B70018F260 /* user_5@3x.png */; };
		7AE180E41C9E02B70018F260 /* user_6.png in Resources */ = {isa = PBXBuildFile; fileRef = 7AE180C01C9E02B70018F260 /* user_6.png */; };
		7AE180E51C9E02B70018F260 /* user_6@2x.png in Resources */ = {isa = PBXBuildFile; fileRef = 7AE180C11C9E02B70018F260 /* user_6@2x.png */; };
		7AE180E61C9E02B70018F260 /* user_6@3x.png in Resources */ = {isa = PBXBuildFile; fileRef = 7AE180C21C9E02B70018F260 /* user_6@3x.png */; };
		7AE180E71C9E02B70018F260 /* user_7.png in Resources */ = {isa = PBXBuildFile; fileRef = 7AE180C31C9E02B70018F260 /* user_7.png */; };
		7AE180E81C9E02B70018F260 /* user_7@2x.png in Resources */ = {isa = PBXBuildFile; fileRef = 7AE180C41C9E02B70018F260 /* user_7@2x.png */; };
		7AE180E91C9E02B70018F260 /* user_7@3x.png in Resources */ = {isa = PBXBuildFile; fileRef = 7AE180C51C9E02B70018F260 /* user_7@3x.png */; };
		7AE180EA1C9E02B70018F260 /* user_8.png in Resources */ = {isa = PBXBuildFile; fileRef = 7AE180C61C9E02B70018F260 /* user_8.png */; };
		7AE180EB1C9E02B70018F260 /* user_8@2x.png in Resources */ = {isa = PBXBuildFile; fileRef = 7AE180C71C9E02B70018F260 /* user_8@2x.png */; };
		7AE180EC1C9E02B70018F260 /* user_8@3x.png in Resources */ = {isa = PBXBuildFile; fileRef = 7AE180C81C9E02B70018F260 /* user_8@3x.png */; };
		7AE180ED1C9E02B70018F260 /* user_9.png in Resources */ = {isa = PBXBuildFile; fileRef = 7AE180C91C9E02B70018F260 /* user_9.png */; };
		7AE180EE1C9E02B70018F260 /* user_9@2x.png in Resources */ = {isa = PBXBuildFile; fileRef = 7AE180CA1C9E02B70018F260 /* user_9@2x.png */; };
		7AE180EF1C9E02B70018F260 /* user_9@3x.png in Resources */ = {isa = PBXBuildFile; fileRef = 7AE180CB1C9E02B70018F260 /* user_9@3x.png */; };
		7AE180F11C9E09270018F260 /* ProfileViewController.swift in Sources */ = {isa = PBXBuildFile; fileRef = 7AE180F01C9E09270018F260 /* ProfileViewController.swift */; };
		7AE180F31C9E0E5F0018F260 /* DoorDetailViewController.swift in Sources */ = {isa = PBXBuildFile; fileRef = 7AE180F21C9E0E5F0018F260 /* DoorDetailViewController.swift */; };
		A7BF9436F7F485EDFE83F97B /* Pods_DoorConcept.framework in Frameworks */ = {isa = PBXBuildFile; fileRef = DE35B5E3785EC3B2C948928F /* Pods_DoorConcept.framework */; };
/* End PBXBuildFile section */

/* Begin PBXContainerItemProxy section */
		7AE17F551C9C64ED0018F260 /* PBXContainerItemProxy */ = {
			isa = PBXContainerItemProxy;
			containerPortal = 7AE17F351C9C64ED0018F260 /* Project object */;
			proxyType = 1;
			remoteGlobalIDString = 7AE17F3C1C9C64ED0018F260;
			remoteInfo = DoorConcept;
		};
/* End PBXContainerItemProxy section */

/* Begin PBXFileReference section */
		7A32C9831C9F9B480081EBF4 /* HistoryTableViewController.swift */ = {isa = PBXFileReference; fileEncoding = 4; lastKnownFileType = sourcecode.swift; path = HistoryTableViewController.swift; sourceTree = "<group>"; };
		7A32C9861C9F9B860081EBF4 /* HistoryTableViewCell.swift */ = {isa = PBXFileReference; fileEncoding = 4; lastKnownFileType = sourcecode.swift; path = HistoryTableViewCell.swift; sourceTree = "<group>"; };
		7A32C9881C9FAF8A0081EBF4 /* DoorInformation.swift */ = {isa = PBXFileReference; fileEncoding = 4; lastKnownFileType = sourcecode.swift; path = DoorInformation.swift; sourceTree = "<group>"; };
		7A32C98A1C9FB8950081EBF4 /* btn_open_icon.png */ = {isa = PBXFileReference; lastKnownFileType = image.png; path = btn_open_icon.png; sourceTree = "<group>"; };
		7A32C98B1C9FB8950081EBF4 /* btn_open_icon@2x.png */ = {isa = PBXFileReference; lastKnownFileType = image.png; path = "btn_open_icon@2x.png"; sourceTree = "<group>"; };
		7A32C98C1C9FB8950081EBF4 /* btn_open_icon@3x.png */ = {isa = PBXFileReference; lastKnownFileType = image.png; path = "btn_open_icon@3x.png"; sourceTree = "<group>"; };
		7A32C9901C9FC0670081EBF4 /* GrantedUserTableViewCell.swift */ = {isa = PBXFileReference; fileEncoding = 4; lastKnownFileType = sourcecode.swift; path = GrantedUserTableViewCell.swift; sourceTree = "<group>"; };
		7A32C9911C9FC0670081EBF4 /* GrantedUserTableViewCell.xib */ = {isa = PBXFileReference; fileEncoding = 4; lastKnownFileType = file.xib; path = GrantedUserTableViewCell.xib; sourceTree = "<group>"; };
		7A32C9A91CA064510081EBF4 /* Building+CoreDataProperties.swift */ = {isa = PBXFileReference; fileEncoding = 4; lastKnownFileType = sourcecode.swift; path = "Building+CoreDataProperties.swift"; sourceTree = "<group>"; };
		7A32C9AA1CA064510081EBF4 /* Building.swift */ = {isa = PBXFileReference; fileEncoding = 4; lastKnownFileType = sourcecode.swift; path = Building.swift; sourceTree = "<group>"; };
		7A32C9AB1CA064510081EBF4 /* Door+CoreDataProperties.swift */ = {isa = PBXFileReference; fileEncoding = 4; lastKnownFileType = sourcecode.swift; path = "Door+CoreDataProperties.swift"; sourceTree = "<group>"; };
		7A32C9AC1CA064510081EBF4 /* Door.swift */ = {isa = PBXFileReference; fileEncoding = 4; lastKnownFileType = sourcecode.swift; path = Door.swift; sourceTree = "<group>"; };
		7A32C9AD1CA064510081EBF4 /* Permision+CoreDataProperties.swift */ = {isa = PBXFileReference; fileEncoding = 4; lastKnownFileType = sourcecode.swift; path = "Permision+CoreDataProperties.swift"; sourceTree = "<group>"; };
		7A32C9AE1CA064510081EBF4 /* Permision.swift */ = {isa = PBXFileReference; fileEncoding = 4; lastKnownFileType = sourcecode.swift; path = Permision.swift; sourceTree = "<group>"; };
		7A32C9AF1CA064510081EBF4 /* User+CoreDataProperties.swift */ = {isa = PBXFileReference; fileEncoding = 4; lastKnownFileType = sourcecode.swift; path = "User+CoreDataProperties.swift"; sourceTree = "<group>"; };
		7A32C9B01CA064510081EBF4 /* User.swift */ = {isa = PBXFileReference; fileEncoding = 4; lastKnownFileType = sourcecode.swift; path = User.swift; sourceTree = "<group>"; };
		7A32C9B91CA06F040081EBF4 /* UserService.swift */ = {isa = PBXFileReference; fileEncoding = 4; lastKnownFileType = sourcecode.swift; path = UserService.swift; sourceTree = "<group>"; };
		7A32C9BD1CA0A0520081EBF4 /* BuildingsInteractor.swift */ = {isa = PBXFileReference; fileEncoding = 4; lastKnownFileType = sourcecode.swift; path = BuildingsInteractor.swift; sourceTree = "<group>"; };
		7A32C9BF1CA0A9F90081EBF4 /* DoorInteractor.swift */ = {isa = PBXFileReference; fileEncoding = 4; lastKnownFileType = sourcecode.swift; path = DoorInteractor.swift; sourceTree = "<group>"; };
		7A32C9C01CA0A9F90081EBF4 /* AddDoorsViewController.swift */ = {isa = PBXFileReference; fileEncoding = 4; lastKnownFileType = sourcecode.swift; path = AddDoorsViewController.swift; sourceTree = "<group>"; };
		7AE17F3D1C9C64ED0018F260 /* DoorConcept.app */ = {isa = PBXFileReference; explicitFileType = wrapper.application; includeInIndex = 0; path = DoorConcept.app; sourceTree = BUILT_PRODUCTS_DIR; };
		7AE17F401C9C64ED0018F260 /* AppDelegate.swift */ = {isa = PBXFileReference; lastKnownFileType = sourcecode.swift; path = AppDelegate.swift; sourceTree = "<group>"; wrapsLines = 1; };
		7AE17F451C9C64ED0018F260 /* Base */ = {isa = PBXFileReference; lastKnownFileType = file.storyboard; name = Base; path = Base.lproj/Main.storyboard; sourceTree = "<group>"; };
		7AE17F481C9C64ED0018F260 /* DoorConcept.xcdatamodel */ = {isa = PBXFileReference; lastKnownFileType = wrapper.xcdatamodel; path = DoorConcept.xcdatamodel; sourceTree = "<group>"; };
		7AE17F4A1C9C64ED0018F260 /* Assets.xcassets */ = {isa = PBXFileReference; lastKnownFileType = folder.assetcatalog; path = Assets.xcassets; sourceTree = "<group>"; };
		7AE17F4D1C9C64ED0018F260 /* Base */ = {isa = PBXFileReference; lastKnownFileType = file.storyboard; name = Base; path = Base.lproj/LaunchScreen.storyboard; sourceTree = "<group>"; };
		7AE17F4F1C9C64ED0018F260 /* Info.plist */ = {isa = PBXFileReference; lastKnownFileType = text.plist.xml; path = Info.plist; sourceTree = "<group>"; };
		7AE17F541C9C64ED0018F260 /* DoorConceptTests.xctest */ = {isa = PBXFileReference; explicitFileType = wrapper.cfbundle; includeInIndex = 0; path = DoorConceptTests.xctest; sourceTree = BUILT_PRODUCTS_DIR; };
		7AE17F581C9C64ED0018F260 /* DoorConceptTests.swift */ = {isa = PBXFileReference; lastKnownFileType = sourcecode.swift; path = DoorConceptTests.swift; sourceTree = "<group>"; };
		7AE17F5A1C9C64ED0018F260 /* Info.plist */ = {isa = PBXFileReference; lastKnownFileType = text.plist.xml; path = Info.plist; sourceTree = "<group>"; };
		7AE17F651C9C916F0018F260 /* building_icon.png */ = {isa = PBXFileReference; lastKnownFileType = image.png; path = building_icon.png; sourceTree = "<group>"; };
		7AE17F661C9C916F0018F260 /* building_icon@2x.png */ = {isa = PBXFileReference; lastKnownFileType = image.png; path = "building_icon@2x.png"; sourceTree = "<group>"; };
		7AE17F671C9C916F0018F260 /* building_icon@3x.png */ = {isa = PBXFileReference; lastKnownFileType = image.png; path = "building_icon@3x.png"; sourceTree = "<group>"; };
		7AE17F681C9C916F0018F260 /* door_icon.png */ = {isa = PBXFileReference; lastKnownFileType = image.png; path = door_icon.png; sourceTree = "<group>"; };
		7AE17F691C9C916F0018F260 /* door_icon@2x.png */ = {isa = PBXFileReference; lastKnownFileType = image.png; path = "door_icon@2x.png"; sourceTree = "<group>"; };
		7AE17F6A1C9C916F0018F260 /* door_icon@3x.png */ = {isa = PBXFileReference; lastKnownFileType = image.png; path = "door_icon@3x.png"; sourceTree = "<group>"; };
		7AE17F6B1C9C916F0018F260 /* history_icon.png */ = {isa = PBXFileReference; lastKnownFileType = image.png; path = history_icon.png; sourceTree = "<group>"; };
		7AE17F6C1C9C916F0018F260 /* history_icon@2x.png */ = {isa = PBXFileReference; lastKnownFileType = image.png; path = "history_icon@2x.png"; sourceTree = "<group>"; };
		7AE17F6D1C9C916F0018F260 /* history_icon@3x.png */ = {isa = PBXFileReference; lastKnownFileType = image.png; path = "history_icon@3x.png"; sourceTree = "<group>"; };
		7AE17F6E1C9C916F0018F260 /* user_icon.png */ = {isa = PBXFileReference; lastKnownFileType = image.png; path = user_icon.png; sourceTree = "<group>"; };
		7AE17F6F1C9C916F0018F260 /* user_icon@2x.png */ = {isa = PBXFileReference; lastKnownFileType = image.png; path = "user_icon@2x.png"; sourceTree = "<group>"; };
		7AE17F701C9C916F0018F260 /* user_icon@3x.png */ = {isa = PBXFileReference; lastKnownFileType = image.png; path = "user_icon@3x.png"; sourceTree = "<group>"; };
		7AE17F891C9C94D70018F260 /* GenericTabBarViewController.swift */ = {isa = PBXFileReference; fileEncoding = 4; lastKnownFileType = sourcecode.swift; path = GenericTabBarViewController.swift; sourceTree = "<group>"; };
		7AE17F8D1C9C96650018F260 /* AddBuildingsViewController.swift */ = {isa = PBXFileReference; fileEncoding = 4; lastKnownFileType = sourcecode.swift; path = AddBuildingsViewController.swift; sourceTree = "<group>"; };
		7AE17F8F1C9C989E0018F260 /* BuildingsTableViewController.swift */ = {isa = PBXFileReference; fileEncoding = 4; lastKnownFileType = sourcecode.swift; path = BuildingsTableViewController.swift; sourceTree = "<group>"; };
		7AE17F931C9C9FA40018F260 /* UIColorExtension.swift */ = {isa = PBXFileReference; fileEncoding = 4; lastKnownFileType = sourcecode.swift; path = UIColorExtension.swift; sourceTree = "<group>"; };
		7AE17F971C9CA08B0018F260 /* GenericNavigationController.swift */ = {isa = PBXFileReference; fileEncoding = 4; lastKnownFileType = sourcecode.swift; path = GenericNavigationController.swift; sourceTree = "<group>"; };
		7AE17FBB1C9CB5290018F260 /* BuildingsTableViewCell.swift */ = {isa = PBXFileReference; fileEncoding = 4; lastKnownFileType = sourcecode.swift; path = BuildingsTableViewCell.swift; sourceTree = "<group>"; };
		7AE17FBF1C9CB9210018F260 /* build_0.png */ = {isa = PBXFileReference; lastKnownFileType = image.png; path = build_0.png; sourceTree = "<group>"; };
		7AE17FC01C9CB9210018F260 /* build_0@2x.png */ = {isa = PBXFileReference; lastKnownFileType = image.png; path = "build_0@2x.png"; sourceTree = "<group>"; };
		7AE17FC11C9CB9210018F260 /* build_0@3x.png */ = {isa = PBXFileReference; lastKnownFileType = image.png; path = "build_0@3x.png"; sourceTree = "<group>"; };
		7AE17FC21C9CB9210018F260 /* build_1.png */ = {isa = PBXFileReference; lastKnownFileType = image.png; path = build_1.png; sourceTree = "<group>"; };
		7AE17FC31C9CB9210018F260 /* build_1@2x.png */ = {isa = PBXFileReference; lastKnownFileType = image.png; path = "build_1@2x.png"; sourceTree = "<group>"; };
		7AE17FC41C9CB9210018F260 /* build_1@3x.png */ = {isa = PBXFileReference; lastKnownFileType = image.png; path = "build_1@3x.png"; sourceTree = "<group>"; };
		7AE17FC51C9CB9210018F260 /* build_2.png */ = {isa = PBXFileReference; lastKnownFileType = image.png; path = build_2.png; sourceTree = "<group>"; };
		7AE17FC61C9CB9210018F260 /* build_2@2x.png */ = {isa = PBXFileReference; lastKnownFileType = image.png; path = "build_2@2x.png"; sourceTree = "<group>"; };
		7AE17FC71C9CB9210018F260 /* build_2@3x.png */ = {isa = PBXFileReference; lastKnownFileType = image.png; path = "build_2@3x.png"; sourceTree = "<group>"; };
		7AE17FC81C9CB9210018F260 /* build_3.png */ = {isa = PBXFileReference; lastKnownFileType = image.png; path = build_3.png; sourceTree = "<group>"; };
		7AE17FC91C9CB9210018F260 /* build_3@2x.png */ = {isa = PBXFileReference; lastKnownFileType = image.png; path = "build_3@2x.png"; sourceTree = "<group>"; };
		7AE17FCA1C9CB9210018F260 /* build_3@3x.png */ = {isa = PBXFileReference; lastKnownFileType = image.png; path = "build_3@3x.png"; sourceTree = "<group>"; };
		7AE17FCB1C9CB9210018F260 /* build_4.png */ = {isa = PBXFileReference; lastKnownFileType = image.png; path = build_4.png; sourceTree = "<group>"; };
		7AE17FCC1C9CB9210018F260 /* build_4@2x.png */ = {isa = PBXFileReference; lastKnownFileType = image.png; path = "build_4@2x.png"; sourceTree = "<group>"; };
		7AE17FCD1C9CB9210018F260 /* build_4@3x.png */ = {isa = PBXFileReference; lastKnownFileType = image.png; path = "build_4@3x.png"; sourceTree = "<group>"; };
		7AE17FDE1C9CD0200018F260 /* door_0.png */ = {isa = PBXFileReference; lastKnownFileType = image.png; path = door_0.png; sourceTree = "<group>"; };
		7AE17FDF1C9CD0200018F260 /* door_0@2x.png */ = {isa = PBXFileReference; lastKnownFileType = image.png; path = "door_0@2x.png"; sourceTree = "<group>"; };
		7AE17FE01C9CD0200018F260 /* door_0@3x.png */ = {isa = PBXFileReference; lastKnownFileType = image.png; path = "door_0@3x.png"; sourceTree = "<group>"; };
		7AE17FE11C9CD0200018F260 /* door_1.png */ = {isa = PBXFileReference; lastKnownFileType = image.png; path = door_1.png; sourceTree = "<group>"; };
		7AE17FE21C9CD0200018F260 /* door_1@2x.png */ = {isa = PBXFileReference; lastKnownFileType = image.png; path = "door_1@2x.png"; sourceTree = "<group>"; };
		7AE17FE31C9CD0200018F260 /* door_1@3x.png */ = {isa = PBXFileReference; lastKnownFileType = image.png; path = "door_1@3x.png"; sourceTree = "<group>"; };
		7AE17FE41C9CD0200018F260 /* door_2.png */ = {isa = PBXFileReference; lastKnownFileType = image.png; path = door_2.png; sourceTree = "<group>"; };
		7AE17FE51C9CD0200018F260 /* door_2@2x.png */ = {isa = PBXFileReference; lastKnownFileType = image.png; path = "door_2@2x.png"; sourceTree = "<group>"; };
		7AE17FE61C9CD0200018F260 /* door_2@3x.png */ = {isa = PBXFileReference; lastKnownFileType = image.png; path = "door_2@3x.png"; sourceTree = "<group>"; };
		7AE17FE71C9CD0200018F260 /* door_3.png */ = {isa = PBXFileReference; lastKnownFileType = image.png; path = door_3.png; sourceTree = "<group>"; };
		7AE17FE81C9CD0200018F260 /* door_3@2x.png */ = {isa = PBXFileReference; lastKnownFileType = image.png; path = "door_3@2x.png"; sourceTree = "<group>"; };
		7AE17FE91C9CD0200018F260 /* door_3@3x.png */ = {isa = PBXFileReference; lastKnownFileType = image.png; path = "door_3@3x.png"; sourceTree = "<group>"; };
		7AE17FEA1C9CD0200018F260 /* door_4.png */ = {isa = PBXFileReference; lastKnownFileType = image.png; path = door_4.png; sourceTree = "<group>"; };
		7AE17FEB1C9CD0200018F260 /* door_4@2x.png */ = {isa = PBXFileReference; lastKnownFileType = image.png; path = "door_4@2x.png"; sourceTree = "<group>"; };
		7AE17FEC1C9CD0200018F260 /* door_4@3x.png */ = {isa = PBXFileReference; lastKnownFileType = image.png; path = "door_4@3x.png"; sourceTree = "<group>"; };
		7AE17FFC1C9CD0D60018F260 /* DoorsTableViewController.swift */ = {isa = PBXFileReference; fileEncoding = 4; lastKnownFileType = sourcecode.swift; path = DoorsTableViewController.swift; sourceTree = "<group>"; };
		7AE17FFF1C9CD20B0018F260 /* DoorsTableViewCell.swift */ = {isa = PBXFileReference; fileEncoding = 4; lastKnownFileType = sourcecode.swift; path = DoorsTableViewCell.swift; sourceTree = "<group>"; };
		7AE180791C9DC0330018F260 /* build_big_0.png */ = {isa = PBXFileReference; lastKnownFileType = image.png; path = build_big_0.png; sourceTree = "<group>"; };
		7AE1807A1C9DC0330018F260 /* build_big_0@2x.png */ = {isa = PBXFileReference; lastKnownFileType = image.png; path = "build_big_0@2x.png"; sourceTree = "<group>"; };
		7AE1807B1C9DC0330018F260 /* build_big_0@3x.png */ = {isa = PBXFileReference; lastKnownFileType = image.png; path = "build_big_0@3x.png"; sourceTree = "<group>"; };
		7AE1807C1C9DC0330018F260 /* build_big_1.png */ = {isa = PBXFileReference; lastKnownFileType = image.png; path = build_big_1.png; sourceTree = "<group>"; };
		7AE1807D1C9DC0330018F260 /* build_big_1@2x.png */ = {isa = PBXFileReference; lastKnownFileType = image.png; path = "build_big_1@2x.png"; sourceTree = "<group>"; };
		7AE1807E1C9DC0330018F260 /* build_big_1@3x.png */ = {isa = PBXFileReference; lastKnownFileType = image.png; path = "build_big_1@3x.png"; sourceTree = "<group>"; };
		7AE1807F1C9DC0330018F260 /* build_big_2.png */ = {isa = PBXFileReference; lastKnownFileType = image.png; path = build_big_2.png; sourceTree = "<group>"; };
		7AE180801C9DC0330018F260 /* build_big_2@2x.png */ = {isa = PBXFileReference; lastKnownFileType = image.png; path = "build_big_2@2x.png"; sourceTree = "<group>"; };
		7AE180811C9DC0330018F260 /* build_big_2@3x.png */ = {isa = PBXFileReference; lastKnownFileType = image.png; path = "build_big_2@3x.png"; sourceTree = "<group>"; };
		7AE180821C9DC0330018F260 /* build_big_3.png */ = {isa = PBXFileReference; lastKnownFileType = image.png; path = build_big_3.png; sourceTree = "<group>"; };
		7AE180831C9DC0330018F260 /* build_big_3@2x.png */ = {isa = PBXFileReference; lastKnownFileType = image.png; path = "build_big_3@2x.png"; sourceTree = "<group>"; };
		7AE180841C9DC0330018F260 /* build_big_3@3x.png */ = {isa = PBXFileReference; lastKnownFileType = image.png; path = "build_big_3@3x.png"; sourceTree = "<group>"; };
		7AE180851C9DC0330018F260 /* build_big_4.png */ = {isa = PBXFileReference; lastKnownFileType = image.png; path = build_big_4.png; sourceTree = "<group>"; };
		7AE180861C9DC0330018F260 /* build_big_4@2x.png */ = {isa = PBXFileReference; lastKnownFileType = image.png; path = "build_big_4@2x.png"; sourceTree = "<group>"; };
		7AE180871C9DC0330018F260 /* build_big_4@3x.png */ = {isa = PBXFileReference; lastKnownFileType = image.png; path = "build_big_4@3x.png"; sourceTree = "<group>"; };
		7AE180981C9DCB450018F260 /* btn_trash.png */ = {isa = PBXFileReference; lastKnownFileType = image.png; path = btn_trash.png; sourceTree = "<group>"; };
		7AE180991C9DCB450018F260 /* btn_trash@2x.png */ = {isa = PBXFileReference; lastKnownFileType = image.png; path = "btn_trash@2x.png"; sourceTree = "<group>"; };
		7AE1809A1C9DCB450018F260 /* btn_trash@3x.png */ = {isa = PBXFileReference; lastKnownFileType = image.png; path = "btn_trash@3x.png"; sourceTree = "<group>"; };
		7AE1809F1C9DD3020018F260 /* Logo.png */ = {isa = PBXFileReference; lastKnownFileType = image.png; path = Logo.png; sourceTree = "<group>"; };
		7AE180A01C9DD3020018F260 /* Logo@2x.png */ = {isa = PBXFileReference; lastKnownFileType = image.png; path = "Logo@2x.png"; sourceTree = "<group>"; };
		7AE180A11C9DD3020018F260 /* Logo@3x.png */ = {isa = PBXFileReference; lastKnownFileType = image.png; path = "Logo@3x.png"; sourceTree = "<group>"; };
		7AE180A51C9DD3D70018F260 /* LoginViewController.swift */ = {isa = PBXFileReference; fileEncoding = 4; lastKnownFileType = sourcecode.swift; path = LoginViewController.swift; sourceTree = "<group>"; };
		7AE180A81C9E02B70018F260 /* user_0.png */ = {isa = PBXFileReference; lastKnownFileType = image.png; path = user_0.png; sourceTree = "<group>"; };
		7AE180A91C9E02B70018F260 /* user_0@2x.png */ = {isa = PBXFileReference; lastKnownFileType = image.png; path = "user_0@2x.png"; sourceTree = "<group>"; };
		7AE180AA1C9E02B70018F260 /* user_0@3x.png */ = {isa = PBXFileReference; lastKnownFileType = image.png; path = "user_0@3x.png"; sourceTree = "<group>"; };
		7AE180AB1C9E02B70018F260 /* user_1.png */ = {isa = PBXFileReference; lastKnownFileType = image.png; path = user_1.png; sourceTree = "<group>"; };
		7AE180AC1C9E02B70018F260 /* user_10.png */ = {isa = PBXFileReference; lastKnownFileType = image.png; path = user_10.png; sourceTree = "<group>"; };
		7AE180AD1C9E02B70018F260 /* user_10@2x.png */ = {isa = PBXFileReference; lastKnownFileType = image.png; path = "user_10@2x.png"; sourceTree = "<group>"; };
		7AE180AE1C9E02B70018F260 /* user_10@3x.png */ = {isa = PBXFileReference; lastKnownFileType = image.png; path = "user_10@3x.png"; sourceTree = "<group>"; };
		7AE180AF1C9E02B70018F260 /* user_11.png */ = {isa = PBXFileReference; lastKnownFileType = image.png; path = user_11.png; sourceTree = "<group>"; };
		7AE180B01C9E02B70018F260 /* user_11@2x.png */ = {isa = PBXFileReference; lastKnownFileType = image.png; path = "user_11@2x.png"; sourceTree = "<group>"; };
		7AE180B11C9E02B70018F260 /* user_11@3x.png */ = {isa = PBXFileReference; lastKnownFileType = image.png; path = "user_11@3x.png"; sourceTree = "<group>"; };
		7AE180B21C9E02B70018F260 /* user_1@2x.png */ = {isa = PBXFileReference; lastKnownFileType = image.png; path = "user_1@2x.png"; sourceTree = "<group>"; };
		7AE180B31C9E02B70018F260 /* user_1@3x.png */ = {isa = PBXFileReference; lastKnownFileType = image.png; path = "user_1@3x.png"; sourceTree = "<group>"; };
		7AE180B41C9E02B70018F260 /* user_2.png */ = {isa = PBXFileReference; lastKnownFileType = image.png; path = user_2.png; sourceTree = "<group>"; };
		7AE180B51C9E02B70018F260 /* user_2@2x.png */ = {isa = PBXFileReference; lastKnownFileType = image.png; path = "user_2@2x.png"; sourceTree = "<group>"; };
		7AE180B61C9E02B70018F260 /* user_2@3x.png */ = {isa = PBXFileReference; lastKnownFileType = image.png; path = "user_2@3x.png"; sourceTree = "<group>"; };
		7AE180B71C9E02B70018F260 /* user_3.png */ = {isa = PBXFileReference; lastKnownFileType = image.png; path = user_3.png; sourceTree = "<group>"; };
		7AE180B81C9E02B70018F260 /* user_3@2x.png */ = {isa = PBXFileReference; lastKnownFileType = image.png; path = "user_3@2x.png"; sourceTree = "<group>"; };
		7AE180B91C9E02B70018F260 /* user_3@3x.png */ = {isa = PBXFileReference; lastKnownFileType = image.png; path = "user_3@3x.png"; sourceTree = "<group>"; };
		7AE180BA1C9E02B70018F260 /* user_4.png */ = {isa = PBXFileReference; lastKnownFileType = image.png; path = user_4.png; sourceTree = "<group>"; };
		7AE180BB1C9E02B70018F260 /* user_4@2x.png */ = {isa = PBXFileReference; lastKnownFileType = image.png; path = "user_4@2x.png"; sourceTree = "<group>"; };
		7AE180BC1C9E02B70018F260 /* user_4@3x.png */ = {isa = PBXFileReference; lastKnownFileType = image.png; path = "user_4@3x.png"; sourceTree = "<group>"; };
		7AE180BD1C9E02B70018F260 /* user_5.png */ = {isa = PBXFileReference; lastKnownFileType = image.png; path = user_5.png; sourceTree = "<group>"; };
		7AE180BE1C9E02B70018F260 /* user_5@2x.png */ = {isa = PBXFileReference; lastKnownFileType = image.png; path = "user_5@2x.png"; sourceTree = "<group>"; };
		7AE180BF1C9E02B70018F260 /* user_5@3x.png */ = {isa = PBXFileReference; lastKnownFileType = image.png; path = "user_5@3x.png"; sourceTree = "<group>"; };
		7AE180C01C9E02B70018F260 /* user_6.png */ = {isa = PBXFileReference; lastKnownFileType = image.png; path = user_6.png; sourceTree = "<group>"; };
		7AE180C11C9E02B70018F260 /* user_6@2x.png */ = {isa = PBXFileReference; lastKnownFileType = image.png; path = "user_6@2x.png"; sourceTree = "<group>"; };
		7AE180C21C9E02B70018F260 /* user_6@3x.png */ = {isa = PBXFileReference; lastKnownFileType = image.png; path = "user_6@3x.png"; sourceTree = "<group>"; };
		7AE180C31C9E02B70018F260 /* user_7.png */ = {isa = PBXFileReference; lastKnownFileType = image.png; path = user_7.png; sourceTree = "<group>"; };
		7AE180C41C9E02B70018F260 /* user_7@2x.png */ = {isa = PBXFileReference; lastKnownFileType = image.png; path = "user_7@2x.png"; sourceTree = "<group>"; };
		7AE180C51C9E02B70018F260 /* user_7@3x.png */ = {isa = PBXFileReference; lastKnownFileType = image.png; path = "user_7@3x.png"; sourceTree = "<group>"; };
		7AE180C61C9E02B70018F260 /* user_8.png */ = {isa = PBXFileReference; lastKnownFileType = image.png; path = user_8.png; sourceTree = "<group>"; };
		7AE180C71C9E02B70018F260 /* user_8@2x.png */ = {isa = PBXFileReference; lastKnownFileType = image.png; path = "user_8@2x.png"; sourceTree = "<group>"; };
		7AE180C81C9E02B70018F260 /* user_8@3x.png */ = {isa = PBXFileReference; lastKnownFileType = image.png; path = "user_8@3x.png"; sourceTree = "<group>"; };
		7AE180C91C9E02B70018F260 /* user_9.png */ = {isa = PBXFileReference; lastKnownFileType = image.png; path = user_9.png; sourceTree = "<group>"; };
		7AE180CA1C9E02B70018F260 /* user_9@2x.png */ = {isa = PBXFileReference; lastKnownFileType = image.png; path = "user_9@2x.png"; sourceTree = "<group>"; };
		7AE180CB1C9E02B70018F260 /* user_9@3x.png */ = {isa = PBXFileReference; lastKnownFileType = image.png; path = "user_9@3x.png"; sourceTree = "<group>"; };
		7AE180F01C9E09270018F260 /* ProfileViewController.swift */ = {isa = PBXFileReference; fileEncoding = 4; lastKnownFileType = sourcecode.swift; path = ProfileViewController.swift; sourceTree = "<group>"; };
		7AE180F21C9E0E5F0018F260 /* DoorDetailViewController.swift */ = {isa = PBXFileReference; fileEncoding = 4; lastKnownFileType = sourcecode.swift; path = DoorDetailViewController.swift; sourceTree = "<group>"; };
		C941FFC8B231DA9C350FF1CE /* Pods-DoorConcept.debug.xcconfig */ = {isa = PBXFileReference; includeInIndex = 1; lastKnownFileType = text.xcconfig; name = "Pods-DoorConcept.debug.xcconfig"; path = "Pods/Target Support Files/Pods-DoorConcept/Pods-DoorConcept.debug.xcconfig"; sourceTree = "<group>"; };
		DE35B5E3785EC3B2C948928F /* Pods_DoorConcept.framework */ = {isa = PBXFileReference; explicitFileType = wrapper.framework; includeInIndex = 0; path = Pods_DoorConcept.framework; sourceTree = BUILT_PRODUCTS_DIR; };
		E843F270DC01459121EE3F36 /* Pods-DoorConcept.release.xcconfig */ = {isa = PBXFileReference; includeInIndex = 1; lastKnownFileType = text.xcconfig; name = "Pods-DoorConcept.release.xcconfig"; path = "Pods/Target Support Files/Pods-DoorConcept/Pods-DoorConcept.release.xcconfig"; sourceTree = "<group>"; };
/* End PBXFileReference section */

/* Begin PBXFrameworksBuildPhase section */
		7AE17F3A1C9C64ED0018F260 /* Frameworks */ = {
			isa = PBXFrameworksBuildPhase;
			buildActionMask = 2147483647;
			files = (
				A7BF9436F7F485EDFE83F97B /* Pods_DoorConcept.framework in Frameworks */,
			);
			runOnlyForDeploymentPostprocessing = 0;
		};
		7AE17F511C9C64ED0018F260 /* Frameworks */ = {
			isa = PBXFrameworksBuildPhase;
			buildActionMask = 2147483647;
			files = (
			);
			runOnlyForDeploymentPostprocessing = 0;
		};
/* End PBXFrameworksBuildPhase section */

/* Begin PBXGroup section */
		7A32C9851C9F9B860081EBF4 /* Custom Cell */ = {
			isa = PBXGroup;
			children = (
				7A32C9861C9F9B860081EBF4 /* HistoryTableViewCell.swift */,
			);
			path = "Custom Cell";
			sourceTree = "<group>";
		};
		7AE17F341C9C64ED0018F260 = {
			isa = PBXGroup;
			children = (
				7AE17F3F1C9C64ED0018F260 /* DoorConcept */,
				7AE17F571C9C64ED0018F260 /* DoorConceptTests */,
				7AE17F3E1C9C64ED0018F260 /* Products */,
				8DAEA6D32ED1A6EC8847CCC8 /* Pods */,
				C73C6800AEABE840C34C3971 /* Frameworks */,
			);
			sourceTree = "<group>";
		};
		7AE17F3E1C9C64ED0018F260 /* Products */ = {
			isa = PBXGroup;
			children = (
				7AE17F3D1C9C64ED0018F260 /* DoorConcept.app */,
				7AE17F541C9C64ED0018F260 /* DoorConceptTests.xctest */,
			);
			name = Products;
			sourceTree = "<group>";
		};
		7AE17F3F1C9C64ED0018F260 /* DoorConcept */ = {
			isa = PBXGroup;
			children = (
				7AE17F631C9C916F0018F260 /* Assets */,
				7AE17F801C9C945D0018F260 /* Controllers */,
				7AE17F911C9C9F8A0018F260 /* Helpers */,
				7AE17F921C9C9F8A0018F260 /* Entities */,
				7AE17F401C9C64ED0018F260 /* AppDelegate.swift */,
				7AE17F4A1C9C64ED0018F260 /* Assets.xcassets */,
				7AE17F4C1C9C64ED0018F260 /* LaunchScreen.storyboard */,
				7AE17F441C9C64ED0018F260 /* Main.storyboard */,
				7AE17F4F1C9C64ED0018F260 /* Info.plist */,
				7AE17F471C9C64ED0018F260 /* DoorConcept.xcdatamodeld */,
			);
			path = DoorConcept;
			sourceTree = "<group>";
		};
		7AE17F571C9C64ED0018F260 /* DoorConceptTests */ = {
			isa = PBXGroup;
			children = (
				7AE17F581C9C64ED0018F260 /* DoorConceptTests.swift */,
				7AE17F5A1C9C64ED0018F260 /* Info.plist */,
			);
			path = DoorConceptTests;
			sourceTree = "<group>";
		};
		7AE17F631C9C916F0018F260 /* Assets */ = {
			isa = PBXGroup;
			children = (
				7AE180A71C9E02B70018F260 /* users_avatars */,
				7AE1809E1C9DD3020018F260 /* Logo */,
				7AE180971C9DCB450018F260 /* buttons */,
				7AE180781C9DC0330018F260 /* Buildings_avatars */,
				7AE17FDD1C9CD0200018F260 /* doors_icons */,
				7AE17F9A1C9CB1140018F260 /* buildings_icons */,
				7AE17F641C9C916F0018F260 /* TabBarIcons */,
			);
			path = Assets;
			sourceTree = "<group>";
		};
		7AE17F641C9C916F0018F260 /* TabBarIcons */ = {
			isa = PBXGroup;
			children = (
				7AE17F651C9C916F0018F260 /* building_icon.png */,
				7AE17F661C9C916F0018F260 /* building_icon@2x.png */,
				7AE17F671C9C916F0018F260 /* building_icon@3x.png */,
				7AE17F681C9C916F0018F260 /* door_icon.png */,
				7AE17F691C9C916F0018F260 /* door_icon@2x.png */,
				7AE17F6A1C9C916F0018F260 /* door_icon@3x.png */,
				7AE17F6B1C9C916F0018F260 /* history_icon.png */,
				7AE17F6C1C9C916F0018F260 /* history_icon@2x.png */,
				7AE17F6D1C9C916F0018F260 /* history_icon@3x.png */,
				7AE17F6E1C9C916F0018F260 /* user_icon.png */,
				7AE17F6F1C9C916F0018F260 /* user_icon@2x.png */,
				7AE17F701C9C916F0018F260 /* user_icon@3x.png */,
			);
			path = TabBarIcons;
			sourceTree = "<group>";
		};
		7AE17F801C9C945D0018F260 /* Controllers */ = {
			isa = PBXGroup;
			children = (
				7AE17F831C9C94B60018F260 /* Generic */,
				7AE17F841C9C94B60018F260 /* Login */,
				7AE17F851C9C94B60018F260 /* Profile */,
				7AE17F861C9C94B60018F260 /* History */,
				7AE17F871C9C94B60018F260 /* Doors */,
				7AE17F881C9C94B60018F260 /* Buildings */,
			);
			path = Controllers;
			sourceTree = "<group>";
		};
		7AE17F831C9C94B60018F260 /* Generic */ = {
			isa = PBXGroup;
			children = (
				7AE17F891C9C94D70018F260 /* GenericTabBarViewController.swift */,
				7AE17F971C9CA08B0018F260 /* GenericNavigationController.swift */,
				7A32C9B91CA06F040081EBF4 /* UserService.swift */,
			);
			path = Generic;
			sourceTree = "<group>";
		};
		7AE17F841C9C94B60018F260 /* Login */ = {
			isa = PBXGroup;
			children = (
				7AE180A51C9DD3D70018F260 /* LoginViewController.swift */,
			);
			path = Login;
			sourceTree = "<group>";
		};
		7AE17F851C9C94B60018F260 /* Profile */ = {
			isa = PBXGroup;
			children = (
				7AE180F01C9E09270018F260 /* ProfileViewController.swift */,
			);
			path = Profile;
			sourceTree = "<group>";
		};
		7AE17F861C9C94B60018F260 /* History */ = {
			isa = PBXGroup;
			children = (
				7A32C9851C9F9B860081EBF4 /* Custom Cell */,
				7A32C9831C9F9B480081EBF4 /* HistoryTableViewController.swift */,
			);
			path = History;
			sourceTree = "<group>";
		};
		7AE17F871C9C94B60018F260 /* Doors */ = {
			isa = PBXGroup;
			children = (
				7A32C9BF1CA0A9F90081EBF4 /* DoorInteractor.swift */,
				7A32C9C01CA0A9F90081EBF4 /* AddDoorsViewController.swift */,
				7AE17FFC1C9CD0D60018F260 /* DoorsTableViewController.swift */,
				7AE180F21C9E0E5F0018F260 /* DoorDetailViewController.swift */,
				7AE17FFE1C9CD20B0018F260 /* Custom Cell */,
				7A32C9881C9FAF8A0081EBF4 /* DoorInformation.swift */,
			);
			path = Doors;
			sourceTree = "<group>";
		};
		7AE17F881C9C94B60018F260 /* Buildings */ = {
			isa = PBXGroup;
			children = (
				7A32C9BD1CA0A0520081EBF4 /* BuildingsInteractor.swift */,
				7AE17F8D1C9C96650018F260 /* AddBuildingsViewController.swift */,
				7AE17F8F1C9C989E0018F260 /* BuildingsTableViewController.swift */,
				7AE17FBA1C9CB50A0018F260 /* Custom Cell */,
			);
			path = Buildings;
			sourceTree = "<group>";
		};
		7AE17F911C9C9F8A0018F260 /* Helpers */ = {
			isa = PBXGroup;
			children = (
				7AE17F931C9C9FA40018F260 /* UIColorExtension.swift */,
			);
			path = Helpers;
			sourceTree = "<group>";
		};
		7AE17F921C9C9F8A0018F260 /* Entities */ = {
			isa = PBXGroup;
			children = (
				7A32C9A91CA064510081EBF4 /* Building+CoreDataProperties.swift */,
				7A32C9AA1CA064510081EBF4 /* Building.swift */,
				7A32C9AB1CA064510081EBF4 /* Door+CoreDataProperties.swift */,
				7A32C9AC1CA064510081EBF4 /* Door.swift */,
				7A32C9AD1CA064510081EBF4 /* Permision+CoreDataProperties.swift */,
				7A32C9AE1CA064510081EBF4 /* Permision.swift */,
				7A32C9AF1CA064510081EBF4 /* User+CoreDataProperties.swift */,
				7A32C9B01CA064510081EBF4 /* User.swift */,
			);
			path = Entities;
			sourceTree = "<group>";
		};
		7AE17F9A1C9CB1140018F260 /* buildings_icons */ = {
			isa = PBXGroup;
			children = (
				7AE17FBF1C9CB9210018F260 /* build_0.png */,
				7AE17FC01C9CB9210018F260 /* build_0@2x.png */,
				7AE17FC11C9CB9210018F260 /* build_0@3x.png */,
				7AE17FC21C9CB9210018F260 /* build_1.png */,
				7AE17FC31C9CB9210018F260 /* build_1@2x.png */,
				7AE17FC41C9CB9210018F260 /* build_1@3x.png */,
				7AE17FC51C9CB9210018F260 /* build_2.png */,
				7AE17FC61C9CB9210018F260 /* build_2@2x.png */,
				7AE17FC71C9CB9210018F260 /* build_2@3x.png */,
				7AE17FC81C9CB9210018F260 /* build_3.png */,
				7AE17FC91C9CB9210018F260 /* build_3@2x.png */,
				7AE17FCA1C9CB9210018F260 /* build_3@3x.png */,
				7AE17FCB1C9CB9210018F260 /* build_4.png */,
				7AE17FCC1C9CB9210018F260 /* build_4@2x.png */,
				7AE17FCD1C9CB9210018F260 /* build_4@3x.png */,
			);
			path = buildings_icons;
			sourceTree = "<group>";
		};
		7AE17FBA1C9CB50A0018F260 /* Custom Cell */ = {
			isa = PBXGroup;
			children = (
				7AE17FBB1C9CB5290018F260 /* BuildingsTableViewCell.swift */,
			);
			path = "Custom Cell";
			sourceTree = "<group>";
		};
		7AE17FDD1C9CD0200018F260 /* doors_icons */ = {
			isa = PBXGroup;
			children = (
				7AE17FDE1C9CD0200018F260 /* door_0.png */,
				7AE17FDF1C9CD0200018F260 /* door_0@2x.png */,
				7AE17FE01C9CD0200018F260 /* door_0@3x.png */,
				7AE17FE11C9CD0200018F260 /* door_1.png */,
				7AE17FE21C9CD0200018F260 /* door_1@2x.png */,
				7AE17FE31C9CD0200018F260 /* door_1@3x.png */,
				7AE17FE41C9CD0200018F260 /* door_2.png */,
				7AE17FE51C9CD0200018F260 /* door_2@2x.png */,
				7AE17FE61C9CD0200018F260 /* door_2@3x.png */,
				7AE17FE71C9CD0200018F260 /* door_3.png */,
				7AE17FE81C9CD0200018F260 /* door_3@2x.png */,
				7AE17FE91C9CD0200018F260 /* door_3@3x.png */,
				7AE17FEA1C9CD0200018F260 /* door_4.png */,
				7AE17FEB1C9CD0200018F260 /* door_4@2x.png */,
				7AE17FEC1C9CD0200018F260 /* door_4@3x.png */,
			);
			path = doors_icons;
			sourceTree = "<group>";
		};
		7AE17FFE1C9CD20B0018F260 /* Custom Cell */ = {
			isa = PBXGroup;
			children = (
				7AE17FFF1C9CD20B0018F260 /* DoorsTableViewCell.swift */,
				7A32C9901C9FC0670081EBF4 /* GrantedUserTableViewCell.swift */,
				7A32C9911C9FC0670081EBF4 /* GrantedUserTableViewCell.xib */,
			);
			path = "Custom Cell";
			sourceTree = "<group>";
		};
		7AE180781C9DC0330018F260 /* Buildings_avatars */ = {
			isa = PBXGroup;
			children = (
				7AE180791C9DC0330018F260 /* build_big_0.png */,
				7AE1807A1C9DC0330018F260 /* build_big_0@2x.png */,
				7AE1807B1C9DC0330018F260 /* build_big_0@3x.png */,
				7AE1807C1C9DC0330018F260 /* build_big_1.png */,
				7AE1807D1C9DC0330018F260 /* build_big_1@2x.png */,
				7AE1807E1C9DC0330018F260 /* build_big_1@3x.png */,
				7AE1807F1C9DC0330018F260 /* build_big_2.png */,
				7AE180801C9DC0330018F260 /* build_big_2@2x.png */,
				7AE180811C9DC0330018F260 /* build_big_2@3x.png */,
				7AE180821C9DC0330018F260 /* build_big_3.png */,
				7AE180831C9DC0330018F260 /* build_big_3@2x.png */,
				7AE180841C9DC0330018F260 /* build_big_3@3x.png */,
				7AE180851C9DC0330018F260 /* build_big_4.png */,
				7AE180861C9DC0330018F260 /* build_big_4@2x.png */,
				7AE180871C9DC0330018F260 /* build_big_4@3x.png */,
			);
			path = Buildings_avatars;
			sourceTree = "<group>";
		};
		7AE180971C9DCB450018F260 /* buttons */ = {
			isa = PBXGroup;
			children = (
				7A32C98A1C9FB8950081EBF4 /* btn_open_icon.png */,
				7A32C98B1C9FB8950081EBF4 /* btn_open_icon@2x.png */,
				7A32C98C1C9FB8950081EBF4 /* btn_open_icon@3x.png */,
				7AE180981C9DCB450018F260 /* btn_trash.png */,
				7AE180991C9DCB450018F260 /* btn_trash@2x.png */,
				7AE1809A1C9DCB450018F260 /* btn_trash@3x.png */,
			);
			path = buttons;
			sourceTree = "<group>";
		};
		7AE1809E1C9DD3020018F260 /* Logo */ = {
			isa = PBXGroup;
			children = (
				7AE1809F1C9DD3020018F260 /* Logo.png */,
				7AE180A01C9DD3020018F260 /* Logo@2x.png */,
				7AE180A11C9DD3020018F260 /* Logo@3x.png */,
			);
			path = Logo;
			sourceTree = "<group>";
		};
		7AE180A71C9E02B70018F260 /* users_avatars */ = {
			isa = PBXGroup;
			children = (
				7AE180A81C9E02B70018F260 /* user_0.png */,
				7AE180A91C9E02B70018F260 /* user_0@2x.png */,
				7AE180AA1C9E02B70018F260 /* user_0@3x.png */,
				7AE180AB1C9E02B70018F260 /* user_1.png */,
				7AE180AC1C9E02B70018F260 /* user_10.png */,
				7AE180AD1C9E02B70018F260 /* user_10@2x.png */,
				7AE180AE1C9E02B70018F260 /* user_10@3x.png */,
				7AE180AF1C9E02B70018F260 /* user_11.png */,
				7AE180B01C9E02B70018F260 /* user_11@2x.png */,
				7AE180B11C9E02B70018F260 /* user_11@3x.png */,
				7AE180B21C9E02B70018F260 /* user_1@2x.png */,
				7AE180B31C9E02B70018F260 /* user_1@3x.png */,
				7AE180B41C9E02B70018F260 /* user_2.png */,
				7AE180B51C9E02B70018F260 /* user_2@2x.png */,
				7AE180B61C9E02B70018F260 /* user_2@3x.png */,
				7AE180B71C9E02B70018F260 /* user_3.png */,
				7AE180B81C9E02B70018F260 /* user_3@2x.png */,
				7AE180B91C9E02B70018F260 /* user_3@3x.png */,
				7AE180BA1C9E02B70018F260 /* user_4.png */,
				7AE180BB1C9E02B70018F260 /* user_4@2x.png */,
				7AE180BC1C9E02B70018F260 /* user_4@3x.png */,
				7AE180BD1C9E02B70018F260 /* user_5.png */,
				7AE180BE1C9E02B70018F260 /* user_5@2x.png */,
				7AE180BF1C9E02B70018F260 /* user_5@3x.png */,
				7AE180C01C9E02B70018F260 /* user_6.png */,
				7AE180C11C9E02B70018F260 /* user_6@2x.png */,
				7AE180C21C9E02B70018F260 /* user_6@3x.png */,
				7AE180C31C9E02B70018F260 /* user_7.png */,
				7AE180C41C9E02B70018F260 /* user_7@2x.png */,
				7AE180C51C9E02B70018F260 /* user_7@3x.png */,
				7AE180C61C9E02B70018F260 /* user_8.png */,
				7AE180C71C9E02B70018F260 /* user_8@2x.png */,
				7AE180C81C9E02B70018F260 /* user_8@3x.png */,
				7AE180C91C9E02B70018F260 /* user_9.png */,
				7AE180CA1C9E02B70018F260 /* user_9@2x.png */,
				7AE180CB1C9E02B70018F260 /* user_9@3x.png */,
			);
			path = users_avatars;
			sourceTree = "<group>";
		};
		8DAEA6D32ED1A6EC8847CCC8 /* Pods */ = {
			isa = PBXGroup;
			children = (
				C941FFC8B231DA9C350FF1CE /* Pods-DoorConcept.debug.xcconfig */,
				E843F270DC01459121EE3F36 /* Pods-DoorConcept.release.xcconfig */,
			);
			name = Pods;
			sourceTree = "<group>";
		};
		C73C6800AEABE840C34C3971 /* Frameworks */ = {
			isa = PBXGroup;
			children = (
				DE35B5E3785EC3B2C948928F /* Pods_DoorConcept.framework */,
			);
			name = Frameworks;
			sourceTree = "<group>";
		};
/* End PBXGroup section */

/* Begin PBXNativeTarget section */
		7AE17F3C1C9C64ED0018F260 /* DoorConcept */ = {
			isa = PBXNativeTarget;
			buildConfigurationList = 7AE17F5D1C9C64ED0018F260 /* Build configuration list for PBXNativeTarget "DoorConcept" */;
			buildPhases = (
				D978E9FFE73AB42DCFE17CCA /* Check Pods Manifest.lock */,
				7AE17F391C9C64ED0018F260 /* Sources */,
				7AE17F3A1C9C64ED0018F260 /* Frameworks */,
				7AE17F3B1C9C64ED0018F260 /* Resources */,
				9C9DF68747D551ABEFDF9BE5 /* Embed Pods Frameworks */,
				098BD887A58871FA301E0127 /* Copy Pods Resources */,
			);
			buildRules = (
			);
			dependencies = (
			);
			name = DoorConcept;
			productName = DoorConcept;
			productReference = 7AE17F3D1C9C64ED0018F260 /* DoorConcept.app */;
			productType = "com.apple.product-type.application";
		};
		7AE17F531C9C64ED0018F260 /* DoorConceptTests */ = {
			isa = PBXNativeTarget;
			buildConfigurationList = 7AE17F601C9C64ED0018F260 /* Build configuration list for PBXNativeTarget "DoorConceptTests" */;
			buildPhases = (
				7AE17F501C9C64ED0018F260 /* Sources */,
				7AE17F511C9C64ED0018F260 /* Frameworks */,
				7AE17F521C9C64ED0018F260 /* Resources */,
			);
			buildRules = (
			);
			dependencies = (
				7AE17F561C9C64ED0018F260 /* PBXTargetDependency */,
			);
			name = DoorConceptTests;
			productName = DoorConceptTests;
			productReference = 7AE17F541C9C64ED0018F260 /* DoorConceptTests.xctest */;
			productType = "com.apple.product-type.bundle.unit-test";
		};
/* End PBXNativeTarget section */

/* Begin PBXProject section */
		7AE17F351C9C64ED0018F260 /* Project object */ = {
			isa = PBXProject;
			attributes = {
				LastSwiftUpdateCheck = 0720;
				LastUpgradeCheck = 0720;
				ORGANIZATIONNAME = jorgeovalle;
				TargetAttributes = {
					7AE17F3C1C9C64ED0018F260 = {
						CreatedOnToolsVersion = 7.2.1;
					};
					7AE17F531C9C64ED0018F260 = {
						CreatedOnToolsVersion = 7.2.1;
						TestTargetID = 7AE17F3C1C9C64ED0018F260;
					};
				};
			};
			buildConfigurationList = 7AE17F381C9C64ED0018F260 /* Build configuration list for PBXProject "DoorConcept" */;
			compatibilityVersion = "Xcode 3.2";
			developmentRegion = English;
			hasScannedForEncodings = 0;
			knownRegions = (
				en,
				Base,
			);
			mainGroup = 7AE17F341C9C64ED0018F260;
			productRefGroup = 7AE17F3E1C9C64ED0018F260 /* Products */;
			projectDirPath = "";
			projectRoot = "";
			targets = (
				7AE17F3C1C9C64ED0018F260 /* DoorConcept */,
				7AE17F531C9C64ED0018F260 /* DoorConceptTests */,
			);
		};
/* End PBXProject section */

/* Begin PBXResourcesBuildPhase section */
		7AE17F3B1C9C64ED0018F260 /* Resources */ = {
			isa = PBXResourcesBuildPhase;
			buildActionMask = 2147483647;
			files = (
				7AE17F4E1C9C64ED0018F260 /* LaunchScreen.storyboard in Resources */,
				7AE17FD01C9CB9210018F260 /* build_0@3x.png in Resources */,
				7AE17FED1C9CD0200018F260 /* door_0.png in Resources */,
				7AE17FF71C9CD0200018F260 /* door_3@2x.png in Resources */,
				7AE180DF1C9E02B70018F260 /* user_4@2x.png in Resources */,
				7AE180DB1C9E02B70018F260 /* user_3.png in Resources */,
				7AE180D71C9E02B70018F260 /* user_1@3x.png in Resources */,
				7AE180EC1C9E02B70018F260 /* user_8@3x.png in Resources */,
				7AE180A41C9DD3020018F260 /* Logo@3x.png in Resources */,
				7AE180EB1C9E02B70018F260 /* user_8@2x.png in Resources */,
				7AE1808E1C9DC0330018F260 /* build_big_2.png in Resources */,
				7AE17F751C9C916F0018F260 /* door_icon@2x.png in Resources */,
				7AE180E71C9E02B70018F260 /* user_7.png in Resources */,
				7AE17F4B1C9C64ED0018F260 /* Assets.xcassets in Resources */,
				7AE180E61C9E02B70018F260 /* user_6@3x.png in Resources */,
				7AE17FFB1C9CD0200018F260 /* door_4@3x.png in Resources */,
				7AE17F791C9C916F0018F260 /* history_icon@3x.png in Resources */,
				7AE17FD61C9CB9210018F260 /* build_2@3x.png in Resources */,
				7AE180911C9DC0330018F260 /* build_big_3.png in Resources */,
				7A32C98D1C9FB8950081EBF4 /* btn_open_icon.png in Resources */,
				7AE17F7C1C9C916F0018F260 /* user_icon@3x.png in Resources */,
				7AE180E21C9E02B70018F260 /* user_5@2x.png in Resources */,
				7AE180D81C9E02B70018F260 /* user_2.png in Resources */,
				7AE180A21C9DD3020018F260 /* Logo.png in Resources */,
				7AE17FEF1C9CD0200018F260 /* door_0@3x.png in Resources */,
				7AE17FD91C9CB9210018F260 /* build_3@3x.png in Resources */,
				7AE17F731C9C916F0018F260 /* building_icon@3x.png in Resources */,
				7AE180A31C9DD3020018F260 /* Logo@2x.png in Resources */,
				7AE180901C9DC0330018F260 /* build_big_2@3x.png in Resources */,
				7AE1808D1C9DC0330018F260 /* build_big_1@3x.png in Resources */,
				7AE180CF1C9E02B70018F260 /* user_1.png in Resources */,
				7AE17FF31C9CD0200018F260 /* door_2.png in Resources */,
				7AE180941C9DC0330018F260 /* build_big_4.png in Resources */,
				7AE17FDB1C9CB9210018F260 /* build_4@2x.png in Resources */,
				7AE180CE1C9E02B70018F260 /* user_0@3x.png in Resources */,
				7AE1808F1C9DC0330018F260 /* build_big_2@2x.png in Resources */,
				7AE180E01C9E02B70018F260 /* user_4@3x.png in Resources */,
				7AE1808B1C9DC0330018F260 /* build_big_1.png in Resources */,
				7AE17FF11C9CD0200018F260 /* door_1@2x.png in Resources */,
				7AE17FD41C9CB9210018F260 /* build_2.png in Resources */,
				7AE180961C9DC0330018F260 /* build_big_4@3x.png in Resources */,
				7AE180ED1C9E02B70018F260 /* user_9.png in Resources */,
				7AE180E41C9E02B70018F260 /* user_6.png in Resources */,
				7AE180D31C9E02B70018F260 /* user_11.png in Resources */,
				7AE1808C1C9DC0330018F260 /* build_big_1@2x.png in Resources */,
				7AE17F741C9C916F0018F260 /* door_icon.png in Resources */,
				7AE180DD1C9E02B70018F260 /* user_3@3x.png in Resources */,
				7AE17FEE1C9CD0200018F260 /* door_0@2x.png in Resources */,
				7AE180921C9DC0330018F260 /* build_big_3@2x.png in Resources */,
				7AE180CD1C9E02B70018F260 /* user_0@2x.png in Resources */,
				7AE180DE1C9E02B70018F260 /* user_4.png in Resources */,
				7AE17FF01C9CD0200018F260 /* door_1.png in Resources */,
				7AE17F7B1C9C916F0018F260 /* user_icon@2x.png in Resources */,
				7AE1809B1C9DCB450018F260 /* btn_trash.png in Resources */,
				7AE1809C1C9DCB450018F260 /* btn_trash@2x.png in Resources */,
				7AE180D91C9E02B70018F260 /* user_2@2x.png in Resources */,
				7AE180EA1C9E02B70018F260 /* user_8.png in Resources */,
				7AE17FF61C9CD0200018F260 /* door_3.png in Resources */,
				7A32C9931C9FC0670081EBF4 /* GrantedUserTableViewCell.xib in Resources */,
				7AE180E31C9E02B70018F260 /* user_5@3x.png in Resources */,
				7AE180E81C9E02B70018F260 /* user_7@2x.png in Resources */,
				7AE180CC1C9E02B70018F260 /* user_0.png in Resources */,
				7AE180D61C9E02B70018F260 /* user_1@2x.png in Resources */,
				7AE180DA1C9E02B70018F260 /* user_2@3x.png in Resources */,
				7AE17FD71C9CB9210018F260 /* build_3.png in Resources */,
				7AE180891C9DC0330018F260 /* build_big_0@2x.png in Resources */,
				7AE17FDA1C9CB9210018F260 /* build_4.png in Resources */,
				7AE17FD51C9CB9210018F260 /* build_2@2x.png in Resources */,
				7AE17FF51C9CD0200018F260 /* door_2@3x.png in Resources */,
				7AE1809D1C9DCB450018F260 /* btn_trash@3x.png in Resources */,
				7AE180E91C9E02B70018F260 /* user_7@3x.png in Resources */,
				7A32C98E1C9FB8950081EBF4 /* btn_open_icon@2x.png in Resources */,
				7AE17F761C9C916F0018F260 /* door_icon@3x.png in Resources */,
				7AE17FF41C9CD0200018F260 /* door_2@2x.png in Resources */,
				7AE17FF81C9CD0200018F260 /* door_3@3x.png in Resources */,
				7AE17F7A1C9C916F0018F260 /* user_icon.png in Resources */,
				7AE17FFA1C9CD0200018F260 /* door_4@2x.png in Resources */,
				7AE180931C9DC0330018F260 /* build_big_3@3x.png in Resources */,
				7AE1808A1C9DC0330018F260 /* build_big_0@3x.png in Resources */,
				7AE17FF91C9CD0200018F260 /* door_4.png in Resources */,
				7AE180881C9DC0330018F260 /* build_big_0.png in Resources */,
				7AE17F711C9C916F0018F260 /* building_icon.png in Resources */,
				7AE180EE1C9E02B70018F260 /* user_9@2x.png in Resources */,
				7AE17FD31C9CB9210018F260 /* build_1@3x.png in Resources */,
				7AE180D11C9E02B70018F260 /* user_10@2x.png in Resources */,
				7AE180D01C9E02B70018F260 /* user_10.png in Resources */,
				7AE17F781C9C916F0018F260 /* history_icon@2x.png in Resources */,
				7AE17F461C9C64ED0018F260 /* Main.storyboard in Resources */,
				7AE180D41C9E02B70018F260 /* user_11@2x.png in Resources */,
				7AE17FCE1C9CB9210018F260 /* build_0.png in Resources */,
				7AE17FD21C9CB9210018F260 /* build_1@2x.png in Resources */,
				7AE17F721C9C916F0018F260 /* building_icon@2x.png in Resources */,
				7AE180DC1C9E02B70018F260 /* user_3@2x.png in Resources */,
				7AE180EF1C9E02B70018F260 /* user_9@3x.png in Resources */,
				7AE17F771C9C916F0018F260 /* history_icon.png in Resources */,
				7AE17FF21C9CD0200018F260 /* door_1@3x.png in Resources */,
				7AE180E11C9E02B70018F260 /* user_5.png in Resources */,
				7AE17FD81C9CB9210018F260 /* build_3@2x.png in Resources */,
				7AE17FDC1C9CB9210018F260 /* build_4@3x.png in Resources */,
				7AE180E51C9E02B70018F260 /* user_6@2x.png in Resources */,
				7AE180951C9DC0330018F260 /* build_big_4@2x.png in Resources */,
				7A32C98F1C9FB8950081EBF4 /* btn_open_icon@3x.png in Resources */,
				7AE180D51C9E02B70018F260 /* user_11@3x.png in Resources */,
				7AE180D21C9E02B70018F260 /* user_10@3x.png in Resources */,
				7AE17FCF1C9CB9210018F260 /* build_0@2x.png in Resources */,
				7AE17FD11C9CB9210018F260 /* build_1.png in Resources */,
			);
			runOnlyForDeploymentPostprocessing = 0;
		};
		7AE17F521C9C64ED0018F260 /* Resources */ = {
			isa = PBXResourcesBuildPhase;
			buildActionMask = 2147483647;
			files = (
			);
			runOnlyForDeploymentPostprocessing = 0;
		};
/* End PBXResourcesBuildPhase section */

/* Begin PBXShellScriptBuildPhase section */
		098BD887A58871FA301E0127 /* Copy Pods Resources */ = {
			isa = PBXShellScriptBuildPhase;
			buildActionMask = 2147483647;
			files = (
			);
			inputPaths = (
			);
			name = "Copy Pods Resources";
			outputPaths = (
			);
			runOnlyForDeploymentPostprocessing = 0;
			shellPath = /bin/sh;
			shellScript = "\"${SRCROOT}/Pods/Target Support Files/Pods-DoorConcept/Pods-DoorConcept-resources.sh\"\n";
			showEnvVarsInLog = 0;
		};
		9C9DF68747D551ABEFDF9BE5 /* Embed Pods Frameworks */ = {
			isa = PBXShellScriptBuildPhase;
			buildActionMask = 2147483647;
			files = (
			);
			inputPaths = (
			);
			name = "Embed Pods Frameworks";
			outputPaths = (
			);
			runOnlyForDeploymentPostprocessing = 0;
			shellPath = /bin/sh;
			shellScript = "\"${SRCROOT}/Pods/Target Support Files/Pods-DoorConcept/Pods-DoorConcept-frameworks.sh\"\n";
			showEnvVarsInLog = 0;
		};
		D978E9FFE73AB42DCFE17CCA /* Check Pods Manifest.lock */ = {
			isa = PBXShellScriptBuildPhase;
			buildActionMask = 2147483647;
			files = (
			);
			inputPaths = (
			);
			name = "Check Pods Manifest.lock";
			outputPaths = (
			);
			runOnlyForDeploymentPostprocessing = 0;
			shellPath = /bin/sh;
			shellScript = "diff \"${PODS_ROOT}/../Podfile.lock\" \"${PODS_ROOT}/Manifest.lock\" > /dev/null\nif [[ $? != 0 ]] ; then\n    cat << EOM\nerror: The sandbox is not in sync with the Podfile.lock. Run 'pod install' or update your CocoaPods installation.\nEOM\n    exit 1\nfi\n";
			showEnvVarsInLog = 0;
		};
/* End PBXShellScriptBuildPhase section */

/* Begin PBXSourcesBuildPhase section */
		7AE17F391C9C64ED0018F260 /* Sources */ = {
			isa = PBXSourcesBuildPhase;
			buildActionMask = 2147483647;
			files = (
				7AE180A61C9DD3D70018F260 /* LoginViewController.swift in Sources */,
				7A32C9BA1CA06F040081EBF4 /* UserService.swift in Sources */,
				7AE180F31C9E0E5F0018F260 /* DoorDetailViewController.swift in Sources */,
				7A32C9B71CA064510081EBF4 /* User+CoreDataProperties.swift in Sources */,
				7A32C9B81CA064510081EBF4 /* User.swift in Sources */,
				7A32C9B51CA064510081EBF4 /* Permision+CoreDataProperties.swift in Sources */,
				7AE17F8A1C9C94D70018F260 /* GenericTabBarViewController.swift in Sources */,
				7AE17FFD1C9CD0D60018F260 /* DoorsTableViewController.swift in Sources */,
				7A32C9BE1CA0A0520081EBF4 /* BuildingsInteractor.swift in Sources */,
				7A32C9841C9F9B480081EBF4 /* HistoryTableViewController.swift in Sources */,
				7AE17F941C9C9FA40018F260 /* UIColorExtension.swift in Sources */,
				7A32C9C21CA0A9F90081EBF4 /* AddDoorsViewController.swift in Sources */,
				7AE180001C9CD20B0018F260 /* DoorsTableViewCell.swift in Sources */,
				7A32C9B31CA064510081EBF4 /* Door+CoreDataProperties.swift in Sources */,
				7AE17F8E1C9C96650018F260 /* AddBuildingsViewController.swift in Sources */,
				7A32C9C11CA0A9F90081EBF4 /* DoorInteractor.swift in Sources */,
				7A32C9B21CA064510081EBF4 /* Building.swift in Sources */,
				7AE180F11C9E09270018F260 /* ProfileViewController.swift in Sources */,
				7A32C9B61CA064510081EBF4 /* Permision.swift in Sources */,
				7A32C9871C9F9B860081EBF4 /* HistoryTableViewCell.swift in Sources */,
				7A32C9891C9FAF8A0081EBF4 /* DoorInformation.swift in Sources */,
				7AE17F411C9C64ED0018F260 /* AppDelegate.swift in Sources */,
				7AE17F491C9C64ED0018F260 /* DoorConcept.xcdatamodeld in Sources */,
				7A32C9B11CA064510081EBF4 /* Building+CoreDataProperties.swift in Sources */,
				7A32C9B41CA064510081EBF4 /* Door.swift in Sources */,
				7AE17FBC1C9CB5290018F260 /* BuildingsTableViewCell.swift in Sources */,
				7AE17F901C9C989E0018F260 /* BuildingsTableViewController.swift in Sources */,
				7A32C9921C9FC0670081EBF4 /* GrantedUserTableViewCell.swift in Sources */,
				7AE17F981C9CA08B0018F260 /* GenericNavigationController.swift in Sources */,
			);
			runOnlyForDeploymentPostprocessing = 0;
		};
		7AE17F501C9C64ED0018F260 /* Sources */ = {
			isa = PBXSourcesBuildPhase;
			buildActionMask = 2147483647;
			files = (
				7AE17F591C9C64ED0018F260 /* DoorConceptTests.swift in Sources */,
			);
			runOnlyForDeploymentPostprocessing = 0;
		};
/* End PBXSourcesBuildPhase section */

/* Begin PBXTargetDependency section */
		7AE17F561C9C64ED0018F260 /* PBXTargetDependency */ = {
			isa = PBXTargetDependency;
			target = 7AE17F3C1C9C64ED0018F260 /* DoorConcept */;
			targetProxy = 7AE17F551C9C64ED0018F260 /* PBXContainerItemProxy */;
		};
/* End PBXTargetDependency section */

/* Begin PBXVariantGroup section */
		7AE17F441C9C64ED0018F260 /* Main.storyboard */ = {
			isa = PBXVariantGroup;
			children = (
				7AE17F451C9C64ED0018F260 /* Base */,
			);
			name = Main.storyboard;
			sourceTree = "<group>";
		};
		7AE17F4C1C9C64ED0018F260 /* LaunchScreen.storyboard */ = {
			isa = PBXVariantGroup;
			children = (
				7AE17F4D1C9C64ED0018F260 /* Base */,
			);
			name = LaunchScreen.storyboard;
			sourceTree = "<group>";
		};
/* End PBXVariantGroup section */

/* Begin XCBuildConfiguration section */
		7AE17F5B1C9C64ED0018F260 /* Debug */ = {
			isa = XCBuildConfiguration;
			buildSettings = {
				ALWAYS_SEARCH_USER_PATHS = NO;
				CLANG_CXX_LANGUAGE_STANDARD = "gnu++0x";
				CLANG_CXX_LIBRARY = "libc++";
				CLANG_ENABLE_MODULES = YES;
				CLANG_ENABLE_OBJC_ARC = YES;
				CLANG_WARN_BOOL_CONVERSION = YES;
				CLANG_WARN_CONSTANT_CONVERSION = YES;
				CLANG_WARN_DIRECT_OBJC_ISA_USAGE = YES_ERROR;
				CLANG_WARN_EMPTY_BODY = YES;
				CLANG_WARN_ENUM_CONVERSION = YES;
				CLANG_WARN_INT_CONVERSION = YES;
				CLANG_WARN_OBJC_ROOT_CLASS = YES_ERROR;
				CLANG_WARN_UNREACHABLE_CODE = YES;
				CLANG_WARN__DUPLICATE_METHOD_MATCH = YES;
				"CODE_SIGN_IDENTITY[sdk=iphoneos*]" = "iPhone Developer";
				COPY_PHASE_STRIP = NO;
				DEBUG_INFORMATION_FORMAT = dwarf;
				ENABLE_STRICT_OBJC_MSGSEND = YES;
				ENABLE_TESTABILITY = YES;
				GCC_C_LANGUAGE_STANDARD = gnu99;
				GCC_DYNAMIC_NO_PIC = NO;
				GCC_NO_COMMON_BLOCKS = YES;
				GCC_OPTIMIZATION_LEVEL = 0;
				GCC_PREPROCESSOR_DEFINITIONS = (
					"DEBUG=1",
					"$(inherited)",
				);
				GCC_WARN_64_TO_32_BIT_CONVERSION = YES;
				GCC_WARN_ABOUT_RETURN_TYPE = YES_ERROR;
				GCC_WARN_UNDECLARED_SELECTOR = YES;
				GCC_WARN_UNINITIALIZED_AUTOS = YES_AGGRESSIVE;
				GCC_WARN_UNUSED_FUNCTION = YES;
				GCC_WARN_UNUSED_VARIABLE = YES;
				IPHONEOS_DEPLOYMENT_TARGET = 9.2;
				MTL_ENABLE_DEBUG_INFO = YES;
				ONLY_ACTIVE_ARCH = YES;
				SDKROOT = iphoneos;
				SWIFT_OPTIMIZATION_LEVEL = "-Onone";
			};
			name = Debug;
		};
		7AE17F5C1C9C64ED0018F260 /* Release */ = {
			isa = XCBuildConfiguration;
			buildSettings = {
				ALWAYS_SEARCH_USER_PATHS = NO;
				CLANG_CXX_LANGUAGE_STANDARD = "gnu++0x";
				CLANG_CXX_LIBRARY = "libc++";
				CLANG_ENABLE_MODULES = YES;
				CLANG_ENABLE_OBJC_ARC = YES;
				CLANG_WARN_BOOL_CONVERSION = YES;
				CLANG_WARN_CONSTANT_CONVERSION = YES;
				CLANG_WARN_DIRECT_OBJC_ISA_USAGE = YES_ERROR;
				CLANG_WARN_EMPTY_BODY = YES;
				CLANG_WARN_ENUM_CONVERSION = YES;
				CLANG_WARN_INT_CONVERSION = YES;
				CLANG_WARN_OBJC_ROOT_CLASS = YES_ERROR;
				CLANG_WARN_UNREACHABLE_CODE = YES;
				CLANG_WARN__DUPLICATE_METHOD_MATCH = YES;
				"CODE_SIGN_IDENTITY[sdk=iphoneos*]" = "iPhone Developer";
				COPY_PHASE_STRIP = NO;
				DEBUG_INFORMATION_FORMAT = "dwarf-with-dsym";
				ENABLE_NS_ASSERTIONS = NO;
				ENABLE_STRICT_OBJC_MSGSEND = YES;
				GCC_C_LANGUAGE_STANDARD = gnu99;
				GCC_NO_COMMON_BLOCKS = YES;
				GCC_WARN_64_TO_32_BIT_CONVERSION = YES;
				GCC_WARN_ABOUT_RETURN_TYPE = YES_ERROR;
				GCC_WARN_UNDECLARED_SELECTOR = YES;
				GCC_WARN_UNINITIALIZED_AUTOS = YES_AGGRESSIVE;
				GCC_WARN_UNUSED_FUNCTION = YES;
				GCC_WARN_UNUSED_VARIABLE = YES;
				IPHONEOS_DEPLOYMENT_TARGET = 9.2;
				MTL_ENABLE_DEBUG_INFO = NO;
				SDKROOT = iphoneos;
				VALIDATE_PRODUCT = YES;
			};
			name = Release;
		};
		7AE17F5E1C9C64ED0018F260 /* Debug */ = {
			isa = XCBuildConfiguration;
			baseConfigurationReference = C941FFC8B231DA9C350FF1CE /* Pods-DoorConcept.debug.xcconfig */;
			buildSettings = {
				ASSETCATALOG_COMPILER_APPICON_NAME = AppIcon;
				INFOPLIST_FILE = DoorConcept/Info.plist;
				LD_RUNPATH_SEARCH_PATHS = "$(inherited) @executable_path/Frameworks";
				PRODUCT_BUNDLE_IDENTIFIER = co.jorgeovalle.DoorConcept;
				PRODUCT_NAME = "$(TARGET_NAME)";
			};
			name = Debug;
		};
		7AE17F5F1C9C64ED0018F260 /* Release */ = {
			isa = XCBuildConfiguration;
			baseConfigurationReference = E843F270DC01459121EE3F36 /* Pods-DoorConcept.release.xcconfig */;
			buildSettings = {
				ASSETCATALOG_COMPILER_APPICON_NAME = AppIcon;
				INFOPLIST_FILE = DoorConcept/Info.plist;
				LD_RUNPATH_SEARCH_PATHS = "$(inherited) @executable_path/Frameworks";
				PRODUCT_BUNDLE_IDENTIFIER = co.jorgeovalle.DoorConcept;
				PRODUCT_NAME = "$(TARGET_NAME)";
			};
			name = Release;
		};
		7AE17F611C9C64ED0018F260 /* Debug */ = {
			isa = XCBuildConfiguration;
			buildSettings = {
				BUNDLE_LOADER = "$(TEST_HOST)";
				INFOPLIST_FILE = DoorConceptTests/Info.plist;
				LD_RUNPATH_SEARCH_PATHS = "$(inherited) @executable_path/Frameworks @loader_path/Frameworks";
				PRODUCT_BUNDLE_IDENTIFIER = co.jorgeovalle.DoorConceptTests;
				PRODUCT_NAME = "$(TARGET_NAME)";
				TEST_HOST = "$(BUILT_PRODUCTS_DIR)/DoorConcept.app/DoorConcept";
			};
			name = Debug;
		};
		7AE17F621C9C64ED0018F260 /* Release */ = {
			isa = XCBuildConfiguration;
			buildSettings = {
				BUNDLE_LOADER = "$(TEST_HOST)";
				INFOPLIST_FILE = DoorConceptTests/Info.plist;
				LD_RUNPATH_SEARCH_PATHS = "$(inherited) @executable_path/Frameworks @loader_path/Frameworks";
				PRODUCT_BUNDLE_IDENTIFIER = co.jorgeovalle.DoorConceptTests;
				PRODUCT_NAME = "$(TARGET_NAME)";
				TEST_HOST = "$(BUILT_PRODUCTS_DIR)/DoorConcept.app/DoorConcept";
			};
			name = Release;
		};
/* End XCBuildConfiguration section */

/* Begin XCConfigurationList section */
		7AE17F381C9C64ED0018F260 /* Build configuration list for PBXProject "DoorConcept" */ = {
			isa = XCConfigurationList;
			buildConfigurations = (
				7AE17F5B1C9C64ED0018F260 /* Debug */,
				7AE17F5C1C9C64ED0018F260 /* Release */,
			);
			defaultConfigurationIsVisible = 0;
			defaultConfigurationName = Release;
		};
		7AE17F5D1C9C64ED0018F260 /* Build configuration list for PBXNativeTarget "DoorConcept" */ = {
			isa = XCConfigurationList;
			buildConfigurations = (
				7AE17F5E1C9C64ED0018F260 /* Debug */,
				7AE17F5F1C9C64ED0018F260 /* Release */,
			);
			defaultConfigurationIsVisible = 0;
			defaultConfigurationName = Release;
		};
		7AE17F601C9C64ED0018F260 /* Build configuration list for PBXNativeTarget "DoorConceptTests" */ = {
			isa = XCConfigurationList;
			buildConfigurations = (
				7AE17F611C9C64ED0018F260 /* Debug */,
				7AE17F621C9C64ED0018F260 /* Release */,
			);
			defaultConfigurationIsVisible = 0;
			defaultConfigurationName = Release;
		};
/* End XCConfigurationList section */

/* Begin XCVersionGroup section */
		7AE17F471C9C64ED0018F260 /* DoorConcept.xcdatamodeld */ = {
			isa = XCVersionGroup;
			children = (
				7AE17F481C9C64ED0018F260 /* DoorConcept.xcdatamodel */,
			);
			currentVersion = 7AE17F481C9C64ED0018F260 /* DoorConcept.xcdatamodel */;
			path = DoorConcept.xcdatamodeld;
			sourceTree = "<group>";
			versionGroupType = wrapper.xcdatamodel;
		};
/* End XCVersionGroup section */
	};
	rootObject = 7AE17F351C9C64ED0018F260 /* Project object */;
}
